// !$*UTF8*$!
{
	archiveVersion = 1;
	classes = {
	};
	objectVersion = 51;
	objects = {

/* Begin PBXBuildFile section */
		2B19287E22F7D2A10023406E /* Deeplink.swift in Sources */ = {isa = PBXBuildFile; fileRef = 2B19287D22F7D2A10023406E /* Deeplink.swift */; };
		2B293ADD22F7A80B001A423E /* HeroesResponseMapper.swift in Sources */ = {isa = PBXBuildFile; fileRef = 2B293ADC22F7A80B001A423E /* HeroesResponseMapper.swift */; };
		2B293ADF22F7A814001A423E /* HeroesContainer.swift in Sources */ = {isa = PBXBuildFile; fileRef = 2B293ADE22F7A814001A423E /* HeroesContainer.swift */; };
		2B293AE122F7A81F001A423E /* DataContainer.swift in Sources */ = {isa = PBXBuildFile; fileRef = 2B293AE022F7A81F001A423E /* DataContainer.swift */; };
		2B293AE322F7A8E2001A423E /* Mapper.swift in Sources */ = {isa = PBXBuildFile; fileRef = 2B293AE222F7A8E2001A423E /* Mapper.swift */; };
		2B293AE522F7AB68001A423E /* DataResponseMapper.swift in Sources */ = {isa = PBXBuildFile; fileRef = 2B293AE422F7AB68001A423E /* DataResponseMapper.swift */; };
		2B293AE622F7B5B1001A423E /* Character.swift in Sources */ = {isa = PBXBuildFile; fileRef = 46681AD922F114000080A483 /* Character.swift */; };
		2B293AE822F7B5C0001A423E /* Image.swift in Sources */ = {isa = PBXBuildFile; fileRef = 462CE70F22F2157A00B5411B /* Image.swift */; };
		2B293AE922F7B5CB001A423E /* HeroesContainer.swift in Sources */ = {isa = PBXBuildFile; fileRef = 2B293ADE22F7A814001A423E /* HeroesContainer.swift */; };
		2B293AEA22F7B5CD001A423E /* DataContainer.swift in Sources */ = {isa = PBXBuildFile; fileRef = 2B293AE022F7A81F001A423E /* DataContainer.swift */; };
		2B293AEB22F7B5D3001A423E /* ListResponse.swift in Sources */ = {isa = PBXBuildFile; fileRef = 462CE71622F22FD100B5411B /* ListResponse.swift */; };
		2B293AEC22F7B5D5001A423E /* ItemResponse.swift in Sources */ = {isa = PBXBuildFile; fileRef = 462CE71C22F2355500B5411B /* ItemResponse.swift */; };
		2B293AEE22F7B610001A423E /* TodayInteractor.swift in Sources */ = {isa = PBXBuildFile; fileRef = 2B293AED22F7B610001A423E /* TodayInteractor.swift */; };
		2B293AF022F7B622001A423E /* TodayContract.swift in Sources */ = {isa = PBXBuildFile; fileRef = 2B293AEF22F7B622001A423E /* TodayContract.swift */; };
		2B293AF222F7B6CE001A423E /* TodayViewModel.swift in Sources */ = {isa = PBXBuildFile; fileRef = 2B293AF122F7B6CE001A423E /* TodayViewModel.swift */; };
		2B293AF322F7B99F001A423E /* HeroesRepository.swift in Sources */ = {isa = PBXBuildFile; fileRef = 2B2FEDD122F14C2400810BD5 /* HeroesRepository.swift */; };
		2B293AF522F7B9DA001A423E /* TodayPresenter.swift in Sources */ = {isa = PBXBuildFile; fileRef = 2B293AF422F7B9DA001A423E /* TodayPresenter.swift */; };
		2B293AF722F7BA42001A423E /* TodayItemViewModel.swift in Sources */ = {isa = PBXBuildFile; fileRef = 2B293AF622F7BA42001A423E /* TodayItemViewModel.swift */; };
		2B293AF822F7BA6D001A423E /* ConfigurableView.swift in Sources */ = {isa = PBXBuildFile; fileRef = 2B2FEDDF22F15CB300810BD5 /* ConfigurableView.swift */; };
		2B293AF922F7BA73001A423E /* ReusableView.swift in Sources */ = {isa = PBXBuildFile; fileRef = 2B2FEDE122F15CD200810BD5 /* ReusableView.swift */; };
		2B293AFB22F7BA9A001A423E /* TodayItemCell.swift in Sources */ = {isa = PBXBuildFile; fileRef = 2B293AFA22F7BA9A001A423E /* TodayItemCell.swift */; };
		2B293AFC22F7BAC3001A423E /* AutoLayoutWrapper.swift in Sources */ = {isa = PBXBuildFile; fileRef = 462CE72822F242BE00B5411B /* AutoLayoutWrapper.swift */; };
		2B293AFD22F7BACB001A423E /* UIActivityIndicatorBuilder.swift in Sources */ = {isa = PBXBuildFile; fileRef = 46B9A47522F385F300D7F423 /* UIActivityIndicatorBuilder.swift */; };
		2B293AFE22F7BACE001A423E /* UIImageViewBuilder.swift in Sources */ = {isa = PBXBuildFile; fileRef = 462CE72522F2414600B5411B /* UIImageViewBuilder.swift */; };
		2B293AFF22F7BAD0001A423E /* UILabelBuilder.swift in Sources */ = {isa = PBXBuildFile; fileRef = 462CE72322F23F9700B5411B /* UILabelBuilder.swift */; };
		2B293B0022F7BADB001A423E /* Builder.swift in Sources */ = {isa = PBXBuildFile; fileRef = 2BE2A5EC22F5D21E00EF0ADF /* Builder.swift */; };
		2B293B0122F7BB03001A423E /* ViewCodable.swift in Sources */ = {isa = PBXBuildFile; fileRef = 2B2FEDDB22F1548400810BD5 /* ViewCodable.swift */; };
		2B293B0222F7BC0D001A423E /* LoadingStateView.swift in Sources */ = {isa = PBXBuildFile; fileRef = 2B2FEDF222F5196400810BD5 /* LoadingStateView.swift */; };
		2B293B0322F7BC52001A423E /* DownloadManager.swift in Sources */ = {isa = PBXBuildFile; fileRef = 462CE73022F2601F00B5411B /* DownloadManager.swift */; };
		2B293B0422F7BC8D001A423E /* ImageRemoteRepository.swift in Sources */ = {isa = PBXBuildFile; fileRef = 462CE72C22F25C9300B5411B /* ImageRemoteRepository.swift */; };
		2B293B0522F7BC93001A423E /* ImageRepository.swift in Sources */ = {isa = PBXBuildFile; fileRef = 462CE72A22F25C5000B5411B /* ImageRepository.swift */; };
		2B293B0622F7BCB3001A423E /* CacheManager.swift in Sources */ = {isa = PBXBuildFile; fileRef = 2B2FEDEE22F292F800810BD5 /* CacheManager.swift */; };
		2B293B0722F7BCDC001A423E /* UICollectionView+ViewConfigurator.swift in Sources */ = {isa = PBXBuildFile; fileRef = 46B9A47D22F3AFB000D7F423 /* UICollectionView+ViewConfigurator.swift */; };
		2B293B0A22F7BD70001A423E /* TodayRouter.swift in Sources */ = {isa = PBXBuildFile; fileRef = 2B293B0922F7BD70001A423E /* TodayRouter.swift */; };
		2B293B0C22F7BDD7001A423E /* TodayRemoteRepository.swift in Sources */ = {isa = PBXBuildFile; fileRef = 2B293B0B22F7BDD7001A423E /* TodayRemoteRepository.swift */; };
		2B293B0D22F7BDEE001A423E /* HeroesResponseMapper.swift in Sources */ = {isa = PBXBuildFile; fileRef = 2B293ADC22F7A80B001A423E /* HeroesResponseMapper.swift */; };
		2B293B0E22F7BDF2001A423E /* Mapper.swift in Sources */ = {isa = PBXBuildFile; fileRef = 2B293AE222F7A8E2001A423E /* Mapper.swift */; };
		2B293B0F22F7BDF7001A423E /* DataResponseMapper.swift in Sources */ = {isa = PBXBuildFile; fileRef = 2B293AE422F7AB68001A423E /* DataResponseMapper.swift */; };
		2B293B1022F7C072001A423E /* UITableViewCell+ReusableView.swift in Sources */ = {isa = PBXBuildFile; fileRef = 2B2FEDE322F15D5600810BD5 /* UITableViewCell+ReusableView.swift */; };
		2B2FEDBB22F1350600810BD5 /* Constants.swift in Sources */ = {isa = PBXBuildFile; fileRef = 2B2FEDBA22F1350600810BD5 /* Constants.swift */; };
		2B2FEDC222F1369800810BD5 /* String+md5.swift in Sources */ = {isa = PBXBuildFile; fileRef = 2B2FEDC122F1369800810BD5 /* String+md5.swift */; };
		2B2FEDC722F13A1D00810BD5 /* ListViewController.swift in Sources */ = {isa = PBXBuildFile; fileRef = 2B2FEDC622F13A1D00810BD5 /* ListViewController.swift */; };
		2B2FEDC922F13A3A00810BD5 /* ListInteractor.swift in Sources */ = {isa = PBXBuildFile; fileRef = 2B2FEDC822F13A3A00810BD5 /* ListInteractor.swift */; };
		2B2FEDCB22F13A4300810BD5 /* ListPresenter.swift in Sources */ = {isa = PBXBuildFile; fileRef = 2B2FEDCA22F13A4300810BD5 /* ListPresenter.swift */; };
		2B2FEDCD22F14AD000810BD5 /* ListRouter.swift in Sources */ = {isa = PBXBuildFile; fileRef = 2B2FEDCC22F14AD000810BD5 /* ListRouter.swift */; };
		2B2FEDCF22F14AF200810BD5 /* ListContract.swift in Sources */ = {isa = PBXBuildFile; fileRef = 2B2FEDCE22F14AF200810BD5 /* ListContract.swift */; };
		2B2FEDD222F14C2400810BD5 /* HeroesRepository.swift in Sources */ = {isa = PBXBuildFile; fileRef = 2B2FEDD122F14C2400810BD5 /* HeroesRepository.swift */; };
		2B2FEDD422F14CA800810BD5 /* HeroesRemoteRepository.swift in Sources */ = {isa = PBXBuildFile; fileRef = 2B2FEDD322F14CA800810BD5 /* HeroesRemoteRepository.swift */; };
		2B2FEDD722F1529000810BD5 /* RootRouter.swift in Sources */ = {isa = PBXBuildFile; fileRef = 2B2FEDD622F1529000810BD5 /* RootRouter.swift */; };
		2B2FEDD922F152A100810BD5 /* RootContract.swift in Sources */ = {isa = PBXBuildFile; fileRef = 2B2FEDD822F152A100810BD5 /* RootContract.swift */; };
		2B2FEDDC22F1548400810BD5 /* ViewCodable.swift in Sources */ = {isa = PBXBuildFile; fileRef = 2B2FEDDB22F1548400810BD5 /* ViewCodable.swift */; };
		2B2FEDDE22F15C5600810BD5 /* ListViewModel.swift in Sources */ = {isa = PBXBuildFile; fileRef = 2B2FEDDD22F15C5600810BD5 /* ListViewModel.swift */; };
		2B2FEDE022F15CB300810BD5 /* ConfigurableView.swift in Sources */ = {isa = PBXBuildFile; fileRef = 2B2FEDDF22F15CB300810BD5 /* ConfigurableView.swift */; };
		2B2FEDE222F15CD200810BD5 /* ReusableView.swift in Sources */ = {isa = PBXBuildFile; fileRef = 2B2FEDE122F15CD200810BD5 /* ReusableView.swift */; };
		2B2FEDE422F15D5600810BD5 /* UITableViewCell+ReusableView.swift in Sources */ = {isa = PBXBuildFile; fileRef = 2B2FEDE322F15D5600810BD5 /* UITableViewCell+ReusableView.swift */; };
		2B2FEDE622F15FB500810BD5 /* UITableView+ViewConfigurator.swift in Sources */ = {isa = PBXBuildFile; fileRef = 2B2FEDE522F15FB500810BD5 /* UITableView+ViewConfigurator.swift */; };
		2B2FEDE822F1687100810BD5 /* ListItemViewModel.swift in Sources */ = {isa = PBXBuildFile; fileRef = 2B2FEDE722F1687100810BD5 /* ListItemViewModel.swift */; };
		2B2FEDEA22F168E500810BD5 /* ListItemCell.swift in Sources */ = {isa = PBXBuildFile; fileRef = 2B2FEDE922F168E500810BD5 /* ListItemCell.swift */; };
		2B2FEDEF22F292F800810BD5 /* CacheManager.swift in Sources */ = {isa = PBXBuildFile; fileRef = 2B2FEDEE22F292F800810BD5 /* CacheManager.swift */; };
		2B2FEDF122F3DB4100810BD5 /* UIColor+Extension.swift in Sources */ = {isa = PBXBuildFile; fileRef = 2B2FEDF022F3DB4100810BD5 /* UIColor+Extension.swift */; };
		2B2FEDF322F5196400810BD5 /* LoadingStateView.swift in Sources */ = {isa = PBXBuildFile; fileRef = 2B2FEDF222F5196400810BD5 /* LoadingStateView.swift */; };
		2B64D8D622F925D400A08248 /* TodayItemCompactCell.swift in Sources */ = {isa = PBXBuildFile; fileRef = 2B64D8D522F925D400A08248 /* TodayItemCompactCell.swift */; };
		2B64D8D722F9260800A08248 /* ImageTextView.swift in Sources */ = {isa = PBXBuildFile; fileRef = 2BE2A5E522F5CBBA00EF0ADF /* ImageTextView.swift */; };
		2B64D8D822F9262600A08248 /* ImageTextViewModel.swift in Sources */ = {isa = PBXBuildFile; fileRef = 2BE2A5E822F5CE2700EF0ADF /* ImageTextViewModel.swift */; };
		2B64D8D922F9262F00A08248 /* ImageTextViewBuilder.swift in Sources */ = {isa = PBXBuildFile; fileRef = 2BE2A5EA22F5D1C000EF0ADF /* ImageTextViewBuilder.swift */; };
		2B64D8EB22F92D0C00A08248 /* ListViewModelTests.swift in Sources */ = {isa = PBXBuildFile; fileRef = 2B64D8EA22F92D0C00A08248 /* ListViewModelTests.swift */; };
		2B64D8ED22F9306800A08248 /* ListInteractorTests.swift in Sources */ = {isa = PBXBuildFile; fileRef = 2B64D8EC22F9306800A08248 /* ListInteractorTests.swift */; };
		2B64D8F022F9310700A08248 /* ValidCharactersListMock.json in Resources */ = {isa = PBXBuildFile; fileRef = 2B64D8EF22F9310700A08248 /* ValidCharactersListMock.json */; };
		2B64D8F322F9314400A08248 /* HeroesMockRepository.swift in Sources */ = {isa = PBXBuildFile; fileRef = 2B64D8F222F9314400A08248 /* HeroesMockRepository.swift */; };
		2B64D8F522F9325500A08248 /* ValidComicMock.json in Resources */ = {isa = PBXBuildFile; fileRef = 2B64D8F422F9325500A08248 /* ValidComicMock.json */; };
		2B64D8F722F9368900A08248 /* ValidLastPageCharactersListMock.json in Resources */ = {isa = PBXBuildFile; fileRef = 2B64D8F622F9368900A08248 /* ValidLastPageCharactersListMock.json */; };
		2B64D8F922F9385300A08248 /* ErrorCharactersListMock.json in Resources */ = {isa = PBXBuildFile; fileRef = 2B64D8F822F9385300A08248 /* ErrorCharactersListMock.json */; };
		2B64D8FB22F93B3800A08248 /* ListViewControllerTests.swift in Sources */ = {isa = PBXBuildFile; fileRef = 2B64D8FA22F93B3800A08248 /* ListViewControllerTests.swift */; };
		2B64D8FE22F941B900A08248 /* ImageTextViewBuilderTests.swift in Sources */ = {isa = PBXBuildFile; fileRef = 2B64D8FD22F941B900A08248 /* ImageTextViewBuilderTests.swift */; };
		2B64D90022F942CA00A08248 /* UIActivityIndicatorBuilderTests.swift in Sources */ = {isa = PBXBuildFile; fileRef = 2B64D8FF22F942CA00A08248 /* UIActivityIndicatorBuilderTests.swift */; };
		2B64D90222F9433300A08248 /* UIImageViewBuilderTests.swift in Sources */ = {isa = PBXBuildFile; fileRef = 2B64D90122F9433300A08248 /* UIImageViewBuilderTests.swift */; };
		2B64D90422F943D900A08248 /* UILabelBuilderTests.swift in Sources */ = {isa = PBXBuildFile; fileRef = 2B64D90322F943D900A08248 /* UILabelBuilderTests.swift */; };
		2B793A5922F78A8E0005E194 /* NotificationCenter.framework in Frameworks */ = {isa = PBXBuildFile; fileRef = 2B793A5822F78A8E0005E194 /* NotificationCenter.framework */; };
		2B793A5C22F78A8E0005E194 /* TodayViewController.swift in Sources */ = {isa = PBXBuildFile; fileRef = 2B793A5B22F78A8E0005E194 /* TodayViewController.swift */; };
		2B793A6322F78A8E0005E194 /* TodayHeroes.appex in Embed App Extensions */ = {isa = PBXBuildFile; fileRef = 2B793A5722F78A8E0005E194 /* TodayHeroes.appex */; settings = {ATTRIBUTES = (RemoveHeadersOnCopy, ); }; };
		2B8320E022F7DED800284D48 /* Constants.swift in Sources */ = {isa = PBXBuildFile; fileRef = 2B8320DF22F7DED800284D48 /* Constants.swift */; };
		2B8320E222F7E16A00284D48 /* UIViewController+Alert.swift in Sources */ = {isa = PBXBuildFile; fileRef = 2B8320E122F7E16A00284D48 /* UIViewController+Alert.swift */; };
		2BE2A5E622F5CBBA00EF0ADF /* ImageTextView.swift in Sources */ = {isa = PBXBuildFile; fileRef = 2BE2A5E522F5CBBA00EF0ADF /* ImageTextView.swift */; };
		2BE2A5E922F5CE2700EF0ADF /* ImageTextViewModel.swift in Sources */ = {isa = PBXBuildFile; fileRef = 2BE2A5E822F5CE2700EF0ADF /* ImageTextViewModel.swift */; };
		2BE2A5EB22F5D1C000EF0ADF /* ImageTextViewBuilder.swift in Sources */ = {isa = PBXBuildFile; fileRef = 2BE2A5EA22F5D1C000EF0ADF /* ImageTextViewBuilder.swift */; };
		2BE2A5ED22F5D21E00EF0ADF /* Builder.swift in Sources */ = {isa = PBXBuildFile; fileRef = 2BE2A5EC22F5D21E00EF0ADF /* Builder.swift */; };
		2BE2A5F522F61E7A00EF0ADF /* DetailHeader.swift in Sources */ = {isa = PBXBuildFile; fileRef = 2BE2A5F422F61E7A00EF0ADF /* DetailHeader.swift */; };
		2BE2A5F722F6253900EF0ADF /* DetailItemCell.swift in Sources */ = {isa = PBXBuildFile; fileRef = 2BE2A5F622F6253900EF0ADF /* DetailItemCell.swift */; };
		2BE2A5F922F6455200EF0ADF /* DetailItemViewModel.swift in Sources */ = {isa = PBXBuildFile; fileRef = 2BE2A5F822F6455200EF0ADF /* DetailItemViewModel.swift */; };
		2BE2A5FD22F72C9F00EF0ADF /* DataState.swift in Sources */ = {isa = PBXBuildFile; fileRef = 2BE2A5FC22F72C9F00EF0ADF /* DataState.swift */; };
		2BE2A60522F7557000EF0ADF /* TitleDescriptionThumbnailProtocol.swift in Sources */ = {isa = PBXBuildFile; fileRef = 2BE2A60422F7557000EF0ADF /* TitleDescriptionThumbnailProtocol.swift */; };
		2BF0C4E922F534EF00A9A88C /* DetailContract.swift in Sources */ = {isa = PBXBuildFile; fileRef = 2BF0C4E822F534EF00A9A88C /* DetailContract.swift */; };
		2BF0C4EB22F535F600A9A88C /* DetailInteractor.swift in Sources */ = {isa = PBXBuildFile; fileRef = 2BF0C4EA22F535F600A9A88C /* DetailInteractor.swift */; };
		2BF0C4ED22F5367A00A9A88C /* DetailPresenter.swift in Sources */ = {isa = PBXBuildFile; fileRef = 2BF0C4EC22F5367A00A9A88C /* DetailPresenter.swift */; };
		2BF0C4EF22F5372700A9A88C /* DetailViewModel.swift in Sources */ = {isa = PBXBuildFile; fileRef = 2BF0C4EE22F5372700A9A88C /* DetailViewModel.swift */; };
		2BF0C4F122F5375600A9A88C /* DetailRouter.swift in Sources */ = {isa = PBXBuildFile; fileRef = 2BF0C4F022F5375600A9A88C /* DetailRouter.swift */; };
		2BF0C4F322F53E9600A9A88C /* DetailViewController.swift in Sources */ = {isa = PBXBuildFile; fileRef = 2BF0C4F222F53E9600A9A88C /* DetailViewController.swift */; };
		462CE71022F2157A00B5411B /* Image.swift in Sources */ = {isa = PBXBuildFile; fileRef = 462CE70F22F2157A00B5411B /* Image.swift */; };
		462CE71722F22FD100B5411B /* ListResponse.swift in Sources */ = {isa = PBXBuildFile; fileRef = 462CE71622F22FD100B5411B /* ListResponse.swift */; };
		462CE71D22F2355500B5411B /* ItemResponse.swift in Sources */ = {isa = PBXBuildFile; fileRef = 462CE71C22F2355500B5411B /* ItemResponse.swift */; };
		462CE72422F23F9700B5411B /* UILabelBuilder.swift in Sources */ = {isa = PBXBuildFile; fileRef = 462CE72322F23F9700B5411B /* UILabelBuilder.swift */; };
		462CE72622F2414600B5411B /* UIImageViewBuilder.swift in Sources */ = {isa = PBXBuildFile; fileRef = 462CE72522F2414600B5411B /* UIImageViewBuilder.swift */; };
		462CE72922F242BE00B5411B /* AutoLayoutWrapper.swift in Sources */ = {isa = PBXBuildFile; fileRef = 462CE72822F242BE00B5411B /* AutoLayoutWrapper.swift */; };
		462CE72B22F25C5000B5411B /* ImageRepository.swift in Sources */ = {isa = PBXBuildFile; fileRef = 462CE72A22F25C5000B5411B /* ImageRepository.swift */; };
		462CE72D22F25C9300B5411B /* ImageRemoteRepository.swift in Sources */ = {isa = PBXBuildFile; fileRef = 462CE72C22F25C9300B5411B /* ImageRemoteRepository.swift */; };
		462CE73122F2601F00B5411B /* DownloadManager.swift in Sources */ = {isa = PBXBuildFile; fileRef = 462CE73022F2601F00B5411B /* DownloadManager.swift */; };
		46681AB222F0F5520080A483 /* AppDelegate.swift in Sources */ = {isa = PBXBuildFile; fileRef = 46681AB122F0F5520080A483 /* AppDelegate.swift */; };
		46681AB922F0F5560080A483 /* Assets.xcassets in Resources */ = {isa = PBXBuildFile; fileRef = 46681AB822F0F5560080A483 /* Assets.xcassets */; };
		46681ABC22F0F5560080A483 /* LaunchScreen.storyboard in Resources */ = {isa = PBXBuildFile; fileRef = 46681ABA22F0F5560080A483 /* LaunchScreen.storyboard */; };
		46681ADA22F114000080A483 /* Character.swift in Sources */ = {isa = PBXBuildFile; fileRef = 46681AD922F114000080A483 /* Character.swift */; };
		46681ADC22F114880080A483 /* Comic.swift in Sources */ = {isa = PBXBuildFile; fileRef = 46681ADB22F114880080A483 /* Comic.swift */; };
		46681ADE22F1148D0080A483 /* Story.swift in Sources */ = {isa = PBXBuildFile; fileRef = 46681ADD22F1148D0080A483 /* Story.swift */; };
		46681AE022F114920080A483 /* Event.swift in Sources */ = {isa = PBXBuildFile; fileRef = 46681ADF22F114920080A483 /* Event.swift */; };
		46681AE422F115960080A483 /* Series.swift in Sources */ = {isa = PBXBuildFile; fileRef = 46681AE322F115960080A483 /* Series.swift */; };
		46B9A47622F385F300D7F423 /* UIActivityIndicatorBuilder.swift in Sources */ = {isa = PBXBuildFile; fileRef = 46B9A47522F385F300D7F423 /* UIActivityIndicatorBuilder.swift */; };
		46B9A47C22F397DB00D7F423 /* UITableViewHeaderFooterView+ReusableView.swift in Sources */ = {isa = PBXBuildFile; fileRef = 46B9A47B22F397DB00D7F423 /* UITableViewHeaderFooterView+ReusableView.swift */; };
		46B9A47E22F3AFB000D7F423 /* UICollectionView+ViewConfigurator.swift in Sources */ = {isa = PBXBuildFile; fileRef = 46B9A47D22F3AFB000D7F423 /* UICollectionView+ViewConfigurator.swift */; };
		46B9A48022F47A9700D7F423 /* LoadingCollectionViewCell.swift in Sources */ = {isa = PBXBuildFile; fileRef = 46B9A47F22F47A9700D7F423 /* LoadingCollectionViewCell.swift */; };
		654697046102CC760A350451 /* Pods_TodayHeroes.framework in Frameworks */ = {isa = PBXBuildFile; fileRef = 52C54357C62FAB89AB3F56D3 /* Pods_TodayHeroes.framework */; };
		DEDE003761127586A1F6D930 /* Pods_MyHeroesTests.framework in Frameworks */ = {isa = PBXBuildFile; fileRef = 0FD02CDA099E70C38E16A4E4 /* Pods_MyHeroesTests.framework */; };
		EE0614453BBAFFAECDD2A260 /* Pods_MyHeroes.framework in Frameworks */ = {isa = PBXBuildFile; fileRef = 7307216B479E3E3FB25D02FB /* Pods_MyHeroes.framework */; };
/* End PBXBuildFile section */

/* Begin PBXContainerItemProxy section */
		2B64D8E322F92A0600A08248 /* PBXContainerItemProxy */ = {
			isa = PBXContainerItemProxy;
			containerPortal = 46681AA622F0F5520080A483 /* Project object */;
			proxyType = 1;
			remoteGlobalIDString = 46681AAD22F0F5520080A483;
			remoteInfo = MyHeroes;
		};
		2B793A6122F78A8E0005E194 /* PBXContainerItemProxy */ = {
			isa = PBXContainerItemProxy;
			containerPortal = 46681AA622F0F5520080A483 /* Project object */;
			proxyType = 1;
			remoteGlobalIDString = 2B793A5622F78A8E0005E194;
			remoteInfo = TodayHeroes;
		};
/* End PBXContainerItemProxy section */

/* Begin PBXCopyFilesBuildPhase section */
		2B793A6722F78A8E0005E194 /* Embed App Extensions */ = {
			isa = PBXCopyFilesBuildPhase;
			buildActionMask = 2147483647;
			dstPath = "";
			dstSubfolderSpec = 13;
			files = (
				2B793A6322F78A8E0005E194 /* TodayHeroes.appex in Embed App Extensions */,
			);
			name = "Embed App Extensions";
			runOnlyForDeploymentPostprocessing = 0;
		};
/* End PBXCopyFilesBuildPhase section */

/* Begin PBXFileReference section */
		0FD02CDA099E70C38E16A4E4 /* Pods_MyHeroesTests.framework */ = {isa = PBXFileReference; explicitFileType = wrapper.framework; includeInIndex = 0; path = Pods_MyHeroesTests.framework; sourceTree = BUILT_PRODUCTS_DIR; };
		10DBC3535C66081ABE400B5B /* Pods-MyHeroesTests.release.xcconfig */ = {isa = PBXFileReference; includeInIndex = 1; lastKnownFileType = text.xcconfig; name = "Pods-MyHeroesTests.release.xcconfig"; path = "Target Support Files/Pods-MyHeroesTests/Pods-MyHeroesTests.release.xcconfig"; sourceTree = "<group>"; };
		2B19287D22F7D2A10023406E /* Deeplink.swift */ = {isa = PBXFileReference; lastKnownFileType = sourcecode.swift; path = Deeplink.swift; sourceTree = "<group>"; };
		2B293ADC22F7A80B001A423E /* HeroesResponseMapper.swift */ = {isa = PBXFileReference; lastKnownFileType = sourcecode.swift; path = HeroesResponseMapper.swift; sourceTree = "<group>"; };
		2B293ADE22F7A814001A423E /* HeroesContainer.swift */ = {isa = PBXFileReference; lastKnownFileType = sourcecode.swift; path = HeroesContainer.swift; sourceTree = "<group>"; };
		2B293AE022F7A81F001A423E /* DataContainer.swift */ = {isa = PBXFileReference; lastKnownFileType = sourcecode.swift; path = DataContainer.swift; sourceTree = "<group>"; };
		2B293AE222F7A8E2001A423E /* Mapper.swift */ = {isa = PBXFileReference; lastKnownFileType = sourcecode.swift; path = Mapper.swift; sourceTree = "<group>"; };
		2B293AE422F7AB68001A423E /* DataResponseMapper.swift */ = {isa = PBXFileReference; lastKnownFileType = sourcecode.swift; path = DataResponseMapper.swift; sourceTree = "<group>"; };
		2B293AED22F7B610001A423E /* TodayInteractor.swift */ = {isa = PBXFileReference; lastKnownFileType = sourcecode.swift; path = TodayInteractor.swift; sourceTree = "<group>"; };
		2B293AEF22F7B622001A423E /* TodayContract.swift */ = {isa = PBXFileReference; lastKnownFileType = sourcecode.swift; path = TodayContract.swift; sourceTree = "<group>"; };
		2B293AF122F7B6CE001A423E /* TodayViewModel.swift */ = {isa = PBXFileReference; lastKnownFileType = sourcecode.swift; path = TodayViewModel.swift; sourceTree = "<group>"; };
		2B293AF422F7B9DA001A423E /* TodayPresenter.swift */ = {isa = PBXFileReference; lastKnownFileType = sourcecode.swift; path = TodayPresenter.swift; sourceTree = "<group>"; };
		2B293AF622F7BA42001A423E /* TodayItemViewModel.swift */ = {isa = PBXFileReference; lastKnownFileType = sourcecode.swift; path = TodayItemViewModel.swift; sourceTree = "<group>"; };
		2B293AFA22F7BA9A001A423E /* TodayItemCell.swift */ = {isa = PBXFileReference; lastKnownFileType = sourcecode.swift; path = TodayItemCell.swift; sourceTree = "<group>"; };
		2B293B0922F7BD70001A423E /* TodayRouter.swift */ = {isa = PBXFileReference; lastKnownFileType = sourcecode.swift; path = TodayRouter.swift; sourceTree = "<group>"; };
		2B293B0B22F7BDD7001A423E /* TodayRemoteRepository.swift */ = {isa = PBXFileReference; lastKnownFileType = sourcecode.swift; path = TodayRemoteRepository.swift; sourceTree = "<group>"; };
		2B2FEDBA22F1350600810BD5 /* Constants.swift */ = {isa = PBXFileReference; lastKnownFileType = sourcecode.swift; path = Constants.swift; sourceTree = "<group>"; };
		2B2FEDC122F1369800810BD5 /* String+md5.swift */ = {isa = PBXFileReference; lastKnownFileType = sourcecode.swift; path = "String+md5.swift"; sourceTree = "<group>"; };
		2B2FEDC622F13A1D00810BD5 /* ListViewController.swift */ = {isa = PBXFileReference; lastKnownFileType = sourcecode.swift; path = ListViewController.swift; sourceTree = "<group>"; };
		2B2FEDC822F13A3A00810BD5 /* ListInteractor.swift */ = {isa = PBXFileReference; lastKnownFileType = sourcecode.swift; path = ListInteractor.swift; sourceTree = "<group>"; };
		2B2FEDCA22F13A4300810BD5 /* ListPresenter.swift */ = {isa = PBXFileReference; lastKnownFileType = sourcecode.swift; path = ListPresenter.swift; sourceTree = "<group>"; };
		2B2FEDCC22F14AD000810BD5 /* ListRouter.swift */ = {isa = PBXFileReference; lastKnownFileType = sourcecode.swift; path = ListRouter.swift; sourceTree = "<group>"; };
		2B2FEDCE22F14AF200810BD5 /* ListContract.swift */ = {isa = PBXFileReference; lastKnownFileType = sourcecode.swift; path = ListContract.swift; sourceTree = "<group>"; };
		2B2FEDD122F14C2400810BD5 /* HeroesRepository.swift */ = {isa = PBXFileReference; lastKnownFileType = sourcecode.swift; path = HeroesRepository.swift; sourceTree = "<group>"; };
		2B2FEDD322F14CA800810BD5 /* HeroesRemoteRepository.swift */ = {isa = PBXFileReference; lastKnownFileType = sourcecode.swift; path = HeroesRemoteRepository.swift; sourceTree = "<group>"; };
		2B2FEDD622F1529000810BD5 /* RootRouter.swift */ = {isa = PBXFileReference; lastKnownFileType = sourcecode.swift; path = RootRouter.swift; sourceTree = "<group>"; };
		2B2FEDD822F152A100810BD5 /* RootContract.swift */ = {isa = PBXFileReference; lastKnownFileType = sourcecode.swift; path = RootContract.swift; sourceTree = "<group>"; };
		2B2FEDDB22F1548400810BD5 /* ViewCodable.swift */ = {isa = PBXFileReference; lastKnownFileType = sourcecode.swift; path = ViewCodable.swift; sourceTree = "<group>"; };
		2B2FEDDD22F15C5600810BD5 /* ListViewModel.swift */ = {isa = PBXFileReference; lastKnownFileType = sourcecode.swift; path = ListViewModel.swift; sourceTree = "<group>"; };
		2B2FEDDF22F15CB300810BD5 /* ConfigurableView.swift */ = {isa = PBXFileReference; lastKnownFileType = sourcecode.swift; path = ConfigurableView.swift; sourceTree = "<group>"; };
		2B2FEDE122F15CD200810BD5 /* ReusableView.swift */ = {isa = PBXFileReference; lastKnownFileType = sourcecode.swift; path = ReusableView.swift; sourceTree = "<group>"; };
		2B2FEDE322F15D5600810BD5 /* UITableViewCell+ReusableView.swift */ = {isa = PBXFileReference; lastKnownFileType = sourcecode.swift; path = "UITableViewCell+ReusableView.swift"; sourceTree = "<group>"; };
		2B2FEDE522F15FB500810BD5 /* UITableView+ViewConfigurator.swift */ = {isa = PBXFileReference; lastKnownFileType = sourcecode.swift; path = "UITableView+ViewConfigurator.swift"; sourceTree = "<group>"; };
		2B2FEDE722F1687100810BD5 /* ListItemViewModel.swift */ = {isa = PBXFileReference; lastKnownFileType = sourcecode.swift; path = ListItemViewModel.swift; sourceTree = "<group>"; };
		2B2FEDE922F168E500810BD5 /* ListItemCell.swift */ = {isa = PBXFileReference; lastKnownFileType = sourcecode.swift; path = ListItemCell.swift; sourceTree = "<group>"; };
		2B2FEDEE22F292F800810BD5 /* CacheManager.swift */ = {isa = PBXFileReference; lastKnownFileType = sourcecode.swift; path = CacheManager.swift; sourceTree = "<group>"; };
		2B2FEDF022F3DB4100810BD5 /* UIColor+Extension.swift */ = {isa = PBXFileReference; lastKnownFileType = sourcecode.swift; path = "UIColor+Extension.swift"; sourceTree = "<group>"; };
		2B2FEDF222F5196400810BD5 /* LoadingStateView.swift */ = {isa = PBXFileReference; lastKnownFileType = sourcecode.swift; path = LoadingStateView.swift; sourceTree = "<group>"; };
		2B64D8D522F925D400A08248 /* TodayItemCompactCell.swift */ = {isa = PBXFileReference; lastKnownFileType = sourcecode.swift; path = TodayItemCompactCell.swift; sourceTree = "<group>"; };
		2B64D8DE22F92A0500A08248 /* MyHeroesTests.xctest */ = {isa = PBXFileReference; explicitFileType = wrapper.cfbundle; includeInIndex = 0; path = MyHeroesTests.xctest; sourceTree = BUILT_PRODUCTS_DIR; };
		2B64D8E222F92A0600A08248 /* Info.plist */ = {isa = PBXFileReference; lastKnownFileType = text.plist.xml; path = Info.plist; sourceTree = "<group>"; };
		2B64D8EA22F92D0C00A08248 /* ListViewModelTests.swift */ = {isa = PBXFileReference; lastKnownFileType = sourcecode.swift; path = ListViewModelTests.swift; sourceTree = "<group>"; };
		2B64D8EC22F9306800A08248 /* ListInteractorTests.swift */ = {isa = PBXFileReference; lastKnownFileType = sourcecode.swift; path = ListInteractorTests.swift; sourceTree = "<group>"; };
		2B64D8EF22F9310700A08248 /* ValidCharactersListMock.json */ = {isa = PBXFileReference; lastKnownFileType = text.json; path = ValidCharactersListMock.json; sourceTree = "<group>"; };
		2B64D8F222F9314400A08248 /* HeroesMockRepository.swift */ = {isa = PBXFileReference; lastKnownFileType = sourcecode.swift; path = HeroesMockRepository.swift; sourceTree = "<group>"; };
		2B64D8F422F9325500A08248 /* ValidComicMock.json */ = {isa = PBXFileReference; lastKnownFileType = text.json; path = ValidComicMock.json; sourceTree = "<group>"; };
		2B64D8F622F9368900A08248 /* ValidLastPageCharactersListMock.json */ = {isa = PBXFileReference; lastKnownFileType = text.json; path = ValidLastPageCharactersListMock.json; sourceTree = "<group>"; };
		2B64D8F822F9385300A08248 /* ErrorCharactersListMock.json */ = {isa = PBXFileReference; lastKnownFileType = text.json; path = ErrorCharactersListMock.json; sourceTree = "<group>"; };
		2B64D8FA22F93B3800A08248 /* ListViewControllerTests.swift */ = {isa = PBXFileReference; lastKnownFileType = sourcecode.swift; path = ListViewControllerTests.swift; sourceTree = "<group>"; };
		2B64D8FD22F941B900A08248 /* ImageTextViewBuilderTests.swift */ = {isa = PBXFileReference; lastKnownFileType = sourcecode.swift; path = ImageTextViewBuilderTests.swift; sourceTree = "<group>"; };
		2B64D8FF22F942CA00A08248 /* UIActivityIndicatorBuilderTests.swift */ = {isa = PBXFileReference; lastKnownFileType = sourcecode.swift; path = UIActivityIndicatorBuilderTests.swift; sourceTree = "<group>"; };
		2B64D90122F9433300A08248 /* UIImageViewBuilderTests.swift */ = {isa = PBXFileReference; lastKnownFileType = sourcecode.swift; path = UIImageViewBuilderTests.swift; sourceTree = "<group>"; };
		2B64D90322F943D900A08248 /* UILabelBuilderTests.swift */ = {isa = PBXFileReference; lastKnownFileType = sourcecode.swift; path = UILabelBuilderTests.swift; sourceTree = "<group>"; };
		2B793A5722F78A8E0005E194 /* TodayHeroes.appex */ = {isa = PBXFileReference; explicitFileType = "wrapper.app-extension"; includeInIndex = 0; path = TodayHeroes.appex; sourceTree = BUILT_PRODUCTS_DIR; };
		2B793A5822F78A8E0005E194 /* NotificationCenter.framework */ = {isa = PBXFileReference; lastKnownFileType = wrapper.framework; name = NotificationCenter.framework; path = System/Library/Frameworks/NotificationCenter.framework; sourceTree = SDKROOT; };
		2B793A5B22F78A8E0005E194 /* TodayViewController.swift */ = {isa = PBXFileReference; lastKnownFileType = sourcecode.swift; path = TodayViewController.swift; sourceTree = "<group>"; };
		2B793A6022F78A8E0005E194 /* Info.plist */ = {isa = PBXFileReference; lastKnownFileType = text.plist.xml; path = Info.plist; sourceTree = "<group>"; };
		2B8320DF22F7DED800284D48 /* Constants.swift */ = {isa = PBXFileReference; lastKnownFileType = sourcecode.swift; path = Constants.swift; sourceTree = "<group>"; };
		2B8320E122F7E16A00284D48 /* UIViewController+Alert.swift */ = {isa = PBXFileReference; lastKnownFileType = sourcecode.swift; path = "UIViewController+Alert.swift"; sourceTree = "<group>"; };
		2BE2A5E522F5CBBA00EF0ADF /* ImageTextView.swift */ = {isa = PBXFileReference; lastKnownFileType = sourcecode.swift; path = ImageTextView.swift; sourceTree = "<group>"; };
		2BE2A5E822F5CE2700EF0ADF /* ImageTextViewModel.swift */ = {isa = PBXFileReference; lastKnownFileType = sourcecode.swift; path = ImageTextViewModel.swift; sourceTree = "<group>"; };
		2BE2A5EA22F5D1C000EF0ADF /* ImageTextViewBuilder.swift */ = {isa = PBXFileReference; lastKnownFileType = sourcecode.swift; path = ImageTextViewBuilder.swift; sourceTree = "<group>"; };
		2BE2A5EC22F5D21E00EF0ADF /* Builder.swift */ = {isa = PBXFileReference; lastKnownFileType = sourcecode.swift; path = Builder.swift; sourceTree = "<group>"; };
		2BE2A5F422F61E7A00EF0ADF /* DetailHeader.swift */ = {isa = PBXFileReference; lastKnownFileType = sourcecode.swift; path = DetailHeader.swift; sourceTree = "<group>"; };
		2BE2A5F622F6253900EF0ADF /* DetailItemCell.swift */ = {isa = PBXFileReference; lastKnownFileType = sourcecode.swift; path = DetailItemCell.swift; sourceTree = "<group>"; };
		2BE2A5F822F6455200EF0ADF /* DetailItemViewModel.swift */ = {isa = PBXFileReference; lastKnownFileType = sourcecode.swift; path = DetailItemViewModel.swift; sourceTree = "<group>"; };
		2BE2A5FC22F72C9F00EF0ADF /* DataState.swift */ = {isa = PBXFileReference; lastKnownFileType = sourcecode.swift; path = DataState.swift; sourceTree = "<group>"; };
		2BE2A60422F7557000EF0ADF /* TitleDescriptionThumbnailProtocol.swift */ = {isa = PBXFileReference; lastKnownFileType = sourcecode.swift; path = TitleDescriptionThumbnailProtocol.swift; sourceTree = "<group>"; };
		2BF0C4E822F534EF00A9A88C /* DetailContract.swift */ = {isa = PBXFileReference; lastKnownFileType = sourcecode.swift; path = DetailContract.swift; sourceTree = "<group>"; };
		2BF0C4EA22F535F600A9A88C /* DetailInteractor.swift */ = {isa = PBXFileReference; lastKnownFileType = sourcecode.swift; path = DetailInteractor.swift; sourceTree = "<group>"; };
		2BF0C4EC22F5367A00A9A88C /* DetailPresenter.swift */ = {isa = PBXFileReference; lastKnownFileType = sourcecode.swift; path = DetailPresenter.swift; sourceTree = "<group>"; };
		2BF0C4EE22F5372700A9A88C /* DetailViewModel.swift */ = {isa = PBXFileReference; lastKnownFileType = sourcecode.swift; path = DetailViewModel.swift; sourceTree = "<group>"; };
		2BF0C4F022F5375600A9A88C /* DetailRouter.swift */ = {isa = PBXFileReference; lastKnownFileType = sourcecode.swift; path = DetailRouter.swift; sourceTree = "<group>"; };
		2BF0C4F222F53E9600A9A88C /* DetailViewController.swift */ = {isa = PBXFileReference; lastKnownFileType = sourcecode.swift; path = DetailViewController.swift; sourceTree = "<group>"; };
		462CE70F22F2157A00B5411B /* Image.swift */ = {isa = PBXFileReference; lastKnownFileType = sourcecode.swift; path = Image.swift; sourceTree = "<group>"; };
		462CE71622F22FD100B5411B /* ListResponse.swift */ = {isa = PBXFileReference; lastKnownFileType = sourcecode.swift; path = ListResponse.swift; sourceTree = "<group>"; };
		462CE71C22F2355500B5411B /* ItemResponse.swift */ = {isa = PBXFileReference; lastKnownFileType = sourcecode.swift; path = ItemResponse.swift; sourceTree = "<group>"; };
		462CE72322F23F9700B5411B /* UILabelBuilder.swift */ = {isa = PBXFileReference; lastKnownFileType = sourcecode.swift; path = UILabelBuilder.swift; sourceTree = "<group>"; };
		462CE72522F2414600B5411B /* UIImageViewBuilder.swift */ = {isa = PBXFileReference; lastKnownFileType = sourcecode.swift; path = UIImageViewBuilder.swift; sourceTree = "<group>"; };
		462CE72822F242BE00B5411B /* AutoLayoutWrapper.swift */ = {isa = PBXFileReference; lastKnownFileType = sourcecode.swift; path = AutoLayoutWrapper.swift; sourceTree = "<group>"; };
		462CE72A22F25C5000B5411B /* ImageRepository.swift */ = {isa = PBXFileReference; lastKnownFileType = sourcecode.swift; path = ImageRepository.swift; sourceTree = "<group>"; };
		462CE72C22F25C9300B5411B /* ImageRemoteRepository.swift */ = {isa = PBXFileReference; lastKnownFileType = sourcecode.swift; path = ImageRemoteRepository.swift; sourceTree = "<group>"; };
		462CE73022F2601F00B5411B /* DownloadManager.swift */ = {isa = PBXFileReference; lastKnownFileType = sourcecode.swift; path = DownloadManager.swift; sourceTree = "<group>"; };
		46681AAE22F0F5520080A483 /* MyHeroes.app */ = {isa = PBXFileReference; explicitFileType = wrapper.application; includeInIndex = 0; path = MyHeroes.app; sourceTree = BUILT_PRODUCTS_DIR; };
		46681AB122F0F5520080A483 /* AppDelegate.swift */ = {isa = PBXFileReference; lastKnownFileType = sourcecode.swift; path = AppDelegate.swift; sourceTree = "<group>"; };
		46681AB822F0F5560080A483 /* Assets.xcassets */ = {isa = PBXFileReference; lastKnownFileType = folder.assetcatalog; path = Assets.xcassets; sourceTree = "<group>"; };
		46681ABB22F0F5560080A483 /* Base */ = {isa = PBXFileReference; lastKnownFileType = file.storyboard; name = Base; path = Base.lproj/LaunchScreen.storyboard; sourceTree = "<group>"; };
		46681ABD22F0F5560080A483 /* Info.plist */ = {isa = PBXFileReference; lastKnownFileType = text.plist.xml; path = Info.plist; sourceTree = "<group>"; };
		46681AD922F114000080A483 /* Character.swift */ = {isa = PBXFileReference; lastKnownFileType = sourcecode.swift; path = Character.swift; sourceTree = "<group>"; };
		46681ADB22F114880080A483 /* Comic.swift */ = {isa = PBXFileReference; lastKnownFileType = sourcecode.swift; path = Comic.swift; sourceTree = "<group>"; };
		46681ADD22F1148D0080A483 /* Story.swift */ = {isa = PBXFileReference; lastKnownFileType = sourcecode.swift; path = Story.swift; sourceTree = "<group>"; };
		46681ADF22F114920080A483 /* Event.swift */ = {isa = PBXFileReference; lastKnownFileType = sourcecode.swift; path = Event.swift; sourceTree = "<group>"; };
		46681AE322F115960080A483 /* Series.swift */ = {isa = PBXFileReference; lastKnownFileType = sourcecode.swift; path = Series.swift; sourceTree = "<group>"; };
		46B9A47522F385F300D7F423 /* UIActivityIndicatorBuilder.swift */ = {isa = PBXFileReference; lastKnownFileType = sourcecode.swift; path = UIActivityIndicatorBuilder.swift; sourceTree = "<group>"; };
		46B9A47B22F397DB00D7F423 /* UITableViewHeaderFooterView+ReusableView.swift */ = {isa = PBXFileReference; lastKnownFileType = sourcecode.swift; path = "UITableViewHeaderFooterView+ReusableView.swift"; sourceTree = "<group>"; };
		46B9A47D22F3AFB000D7F423 /* UICollectionView+ViewConfigurator.swift */ = {isa = PBXFileReference; lastKnownFileType = sourcecode.swift; path = "UICollectionView+ViewConfigurator.swift"; sourceTree = "<group>"; };
		46B9A47F22F47A9700D7F423 /* LoadingCollectionViewCell.swift */ = {isa = PBXFileReference; lastKnownFileType = sourcecode.swift; path = LoadingCollectionViewCell.swift; sourceTree = "<group>"; };
		4CA89286905B4D33D3ED6E29 /* Pods-MyHeroesTests.debug.xcconfig */ = {isa = PBXFileReference; includeInIndex = 1; lastKnownFileType = text.xcconfig; name = "Pods-MyHeroesTests.debug.xcconfig"; path = "Target Support Files/Pods-MyHeroesTests/Pods-MyHeroesTests.debug.xcconfig"; sourceTree = "<group>"; };
		4FA744153F34989EA95866D5 /* Pods-TodayHeroes.release.xcconfig */ = {isa = PBXFileReference; includeInIndex = 1; lastKnownFileType = text.xcconfig; name = "Pods-TodayHeroes.release.xcconfig"; path = "Target Support Files/Pods-TodayHeroes/Pods-TodayHeroes.release.xcconfig"; sourceTree = "<group>"; };
		52C54357C62FAB89AB3F56D3 /* Pods_TodayHeroes.framework */ = {isa = PBXFileReference; explicitFileType = wrapper.framework; includeInIndex = 0; path = Pods_TodayHeroes.framework; sourceTree = BUILT_PRODUCTS_DIR; };
		7307216B479E3E3FB25D02FB /* Pods_MyHeroes.framework */ = {isa = PBXFileReference; explicitFileType = wrapper.framework; includeInIndex = 0; path = Pods_MyHeroes.framework; sourceTree = BUILT_PRODUCTS_DIR; };
		786007F994C1EC523508CEDD /* Pods-MyHeroes.debug.xcconfig */ = {isa = PBXFileReference; includeInIndex = 1; lastKnownFileType = text.xcconfig; name = "Pods-MyHeroes.debug.xcconfig"; path = "Target Support Files/Pods-MyHeroes/Pods-MyHeroes.debug.xcconfig"; sourceTree = "<group>"; };
		ADE2B7FF994D1E0B6A991B7A /* Pods-MyHeroes.release.xcconfig */ = {isa = PBXFileReference; includeInIndex = 1; lastKnownFileType = text.xcconfig; name = "Pods-MyHeroes.release.xcconfig"; path = "Target Support Files/Pods-MyHeroes/Pods-MyHeroes.release.xcconfig"; sourceTree = "<group>"; };
		B81187D31CD673321451395A /* Pods-TodayHeroes.debug.xcconfig */ = {isa = PBXFileReference; includeInIndex = 1; lastKnownFileType = text.xcconfig; name = "Pods-TodayHeroes.debug.xcconfig"; path = "Target Support Files/Pods-TodayHeroes/Pods-TodayHeroes.debug.xcconfig"; sourceTree = "<group>"; };
/* End PBXFileReference section */

/* Begin PBXFrameworksBuildPhase section */
		2B64D8DB22F92A0500A08248 /* Frameworks */ = {
			isa = PBXFrameworksBuildPhase;
			buildActionMask = 2147483647;
			files = (
				DEDE003761127586A1F6D930 /* Pods_MyHeroesTests.framework in Frameworks */,
			);
			runOnlyForDeploymentPostprocessing = 0;
		};
		2B793A5422F78A8E0005E194 /* Frameworks */ = {
			isa = PBXFrameworksBuildPhase;
			buildActionMask = 2147483647;
			files = (
				2B793A5922F78A8E0005E194 /* NotificationCenter.framework in Frameworks */,
				654697046102CC760A350451 /* Pods_TodayHeroes.framework in Frameworks */,
			);
			runOnlyForDeploymentPostprocessing = 0;
		};
		46681AAB22F0F5520080A483 /* Frameworks */ = {
			isa = PBXFrameworksBuildPhase;
			buildActionMask = 2147483647;
			files = (
				EE0614453BBAFFAECDD2A260 /* Pods_MyHeroes.framework in Frameworks */,
			);
			runOnlyForDeploymentPostprocessing = 0;
		};
/* End PBXFrameworksBuildPhase section */

/* Begin PBXGroup section */
		2B293ADB22F7A79E001A423E /* Mappers */ = {
			isa = PBXGroup;
			children = (
				2B293ADC22F7A80B001A423E /* HeroesResponseMapper.swift */,
				2B293AE422F7AB68001A423E /* DataResponseMapper.swift */,
				2B293AE222F7A8E2001A423E /* Mapper.swift */,
			);
			path = Mappers;
			sourceTree = "<group>";
		};
		2B2FEDC022F1368E00810BD5 /* Extensions */ = {
			isa = PBXGroup;
			children = (
				2B2FEDC122F1369800810BD5 /* String+md5.swift */,
				2B2FEDE322F15D5600810BD5 /* UITableViewCell+ReusableView.swift */,
				46B9A47B22F397DB00D7F423 /* UITableViewHeaderFooterView+ReusableView.swift */,
				2B2FEDE522F15FB500810BD5 /* UITableView+ViewConfigurator.swift */,
				46B9A47D22F3AFB000D7F423 /* UICollectionView+ViewConfigurator.swift */,
				2B2FEDF022F3DB4100810BD5 /* UIColor+Extension.swift */,
				2B8320E122F7E16A00284D48 /* UIViewController+Alert.swift */,
			);
			path = Extensions;
			sourceTree = "<group>";
		};
		2B2FEDC422F139CE00810BD5 /* Modules */ = {
			isa = PBXGroup;
			children = (
				46B9A47422F385DF00D7F423 /* Shared */,
				2B2FEDD522F1528200810BD5 /* Root */,
				2B2FEDC522F139DA00810BD5 /* List */,
				2BF0C4E722F534DF00A9A88C /* Detail */,
			);
			path = Modules;
			sourceTree = "<group>";
		};
		2B2FEDC522F139DA00810BD5 /* List */ = {
			isa = PBXGroup;
			children = (
				2BE2A5FA22F7231F00EF0ADF /* ViewModel */,
				2B2FEDCE22F14AF200810BD5 /* ListContract.swift */,
				2B2FEDC822F13A3A00810BD5 /* ListInteractor.swift */,
				2B2FEDCA22F13A4300810BD5 /* ListPresenter.swift */,
				2B2FEDCC22F14AD000810BD5 /* ListRouter.swift */,
				2B2FEDC622F13A1D00810BD5 /* ListViewController.swift */,
				2B2FEDE922F168E500810BD5 /* ListItemCell.swift */,
			);
			path = List;
			sourceTree = "<group>";
		};
		2B2FEDD022F14C1300810BD5 /* Repositories */ = {
			isa = PBXGroup;
			children = (
				2B2FEDD122F14C2400810BD5 /* HeroesRepository.swift */,
				2B2FEDD322F14CA800810BD5 /* HeroesRemoteRepository.swift */,
				462CE72A22F25C5000B5411B /* ImageRepository.swift */,
				462CE72C22F25C9300B5411B /* ImageRemoteRepository.swift */,
			);
			path = Repositories;
			sourceTree = "<group>";
		};
		2B2FEDD522F1528200810BD5 /* Root */ = {
			isa = PBXGroup;
			children = (
				2B2FEDD822F152A100810BD5 /* RootContract.swift */,
				2B2FEDD622F1529000810BD5 /* RootRouter.swift */,
			);
			path = Root;
			sourceTree = "<group>";
		};
		2B2FEDDA22F1547200810BD5 /* Protocols */ = {
			isa = PBXGroup;
			children = (
				2BE2A5EC22F5D21E00EF0ADF /* Builder.swift */,
				2B2FEDDF22F15CB300810BD5 /* ConfigurableView.swift */,
				2B2FEDF222F5196400810BD5 /* LoadingStateView.swift */,
				2B2FEDE122F15CD200810BD5 /* ReusableView.swift */,
				2B2FEDDB22F1548400810BD5 /* ViewCodable.swift */,
				2BE2A5FC22F72C9F00EF0ADF /* DataState.swift */,
				2BE2A60422F7557000EF0ADF /* TitleDescriptionThumbnailProtocol.swift */,
			);
			path = Protocols;
			sourceTree = "<group>";
		};
		2B2FEDED22F292E000810BD5 /* Managers */ = {
			isa = PBXGroup;
			children = (
				2B2FEDEE22F292F800810BD5 /* CacheManager.swift */,
				462CE73022F2601F00B5411B /* DownloadManager.swift */,
			);
			path = Managers;
			sourceTree = "<group>";
		};
		2B64D8DF22F92A0600A08248 /* MyHeroesTests */ = {
			isa = PBXGroup;
			children = (
				2B64D8FC22F941A400A08248 /* ComponentBuilders */,
				2B64D8F122F9313000A08248 /* Repositories */,
				2B64D8EE22F930B600A08248 /* Mock */,
				2B64D8E822F92CF400A08248 /* Modules */,
				2B64D8E222F92A0600A08248 /* Info.plist */,
			);
			path = MyHeroesTests;
			sourceTree = "<group>";
		};
		2B64D8E822F92CF400A08248 /* Modules */ = {
			isa = PBXGroup;
			children = (
				2B64D8E922F92CFF00A08248 /* List */,
			);
			path = Modules;
			sourceTree = "<group>";
		};
		2B64D8E922F92CFF00A08248 /* List */ = {
			isa = PBXGroup;
			children = (
				2B64D8EA22F92D0C00A08248 /* ListViewModelTests.swift */,
				2B64D8EC22F9306800A08248 /* ListInteractorTests.swift */,
				2B64D8FA22F93B3800A08248 /* ListViewControllerTests.swift */,
			);
			path = List;
			sourceTree = "<group>";
		};
		2B64D8EE22F930B600A08248 /* Mock */ = {
			isa = PBXGroup;
			children = (
				2B64D8EF22F9310700A08248 /* ValidCharactersListMock.json */,
				2B64D8F622F9368900A08248 /* ValidLastPageCharactersListMock.json */,
				2B64D8F822F9385300A08248 /* ErrorCharactersListMock.json */,
				2B64D8F422F9325500A08248 /* ValidComicMock.json */,
			);
			path = Mock;
			sourceTree = "<group>";
		};
		2B64D8F122F9313000A08248 /* Repositories */ = {
			isa = PBXGroup;
			children = (
				2B64D8F222F9314400A08248 /* HeroesMockRepository.swift */,
			);
			path = Repositories;
			sourceTree = "<group>";
		};
		2B64D8FC22F941A400A08248 /* ComponentBuilders */ = {
			isa = PBXGroup;
			children = (
				2B64D8FD22F941B900A08248 /* ImageTextViewBuilderTests.swift */,
				2B64D8FF22F942CA00A08248 /* UIActivityIndicatorBuilderTests.swift */,
				2B64D90122F9433300A08248 /* UIImageViewBuilderTests.swift */,
				2B64D90322F943D900A08248 /* UILabelBuilderTests.swift */,
			);
			path = ComponentBuilders;
			sourceTree = "<group>";
		};
		2B793A5A22F78A8E0005E194 /* TodayHeroes */ = {
			isa = PBXGroup;
			children = (
				2B793A5B22F78A8E0005E194 /* TodayViewController.swift */,
				2B293AFA22F7BA9A001A423E /* TodayItemCell.swift */,
				2B64D8D522F925D400A08248 /* TodayItemCompactCell.swift */,
				2B293AED22F7B610001A423E /* TodayInteractor.swift */,
				2B293AF422F7B9DA001A423E /* TodayPresenter.swift */,
				2B293AF122F7B6CE001A423E /* TodayViewModel.swift */,
				2B293AF622F7BA42001A423E /* TodayItemViewModel.swift */,
				2B293B0922F7BD70001A423E /* TodayRouter.swift */,
				2B293B0B22F7BDD7001A423E /* TodayRemoteRepository.swift */,
				2B793A6022F78A8E0005E194 /* Info.plist */,
				2B293AEF22F7B622001A423E /* TodayContract.swift */,
				2B8320DF22F7DED800284D48 /* Constants.swift */,
			);
			path = TodayHeroes;
			sourceTree = "<group>";
		};
		2BE2A5E722F5CE1800EF0ADF /* ViewModels */ = {
			isa = PBXGroup;
			children = (
				2BE2A5E822F5CE2700EF0ADF /* ImageTextViewModel.swift */,
			);
			path = ViewModels;
			sourceTree = "<group>";
		};
		2BE2A5FA22F7231F00EF0ADF /* ViewModel */ = {
			isa = PBXGroup;
			children = (
				2B2FEDDD22F15C5600810BD5 /* ListViewModel.swift */,
				2B2FEDE722F1687100810BD5 /* ListItemViewModel.swift */,
			);
			path = ViewModel;
			sourceTree = "<group>";
		};
		2BE2A5FB22F7233200EF0ADF /* ViewModel */ = {
			isa = PBXGroup;
			children = (
				2BF0C4EE22F5372700A9A88C /* DetailViewModel.swift */,
				2BE2A5F822F6455200EF0ADF /* DetailItemViewModel.swift */,
			);
			path = ViewModel;
			sourceTree = "<group>";
		};
		2BF0C4E722F534DF00A9A88C /* Detail */ = {
			isa = PBXGroup;
			children = (
				2BE2A5FB22F7233200EF0ADF /* ViewModel */,
				2BF0C4E822F534EF00A9A88C /* DetailContract.swift */,
				2BF0C4EA22F535F600A9A88C /* DetailInteractor.swift */,
				2BF0C4EC22F5367A00A9A88C /* DetailPresenter.swift */,
				2BF0C4F022F5375600A9A88C /* DetailRouter.swift */,
				2BF0C4F222F53E9600A9A88C /* DetailViewController.swift */,
				2BE2A5F422F61E7A00EF0ADF /* DetailHeader.swift */,
				2BE2A5F622F6253900EF0ADF /* DetailItemCell.swift */,
			);
			path = Detail;
			sourceTree = "<group>";
		};
		2BF0C4F422F5C45C00A9A88C /* Views */ = {
			isa = PBXGroup;
			children = (
				462CE72722F2429C00B5411B /* AutoLayoutWrapper */,
				462CE72022F23F6B00B5411B /* ComponentsBuilders */,
				46B9A47F22F47A9700D7F423 /* LoadingCollectionViewCell.swift */,
				2BE2A5E522F5CBBA00EF0ADF /* ImageTextView.swift */,
			);
			path = Views;
			sourceTree = "<group>";
		};
		462CE71122F22AFE00B5411B /* Response */ = {
			isa = PBXGroup;
			children = (
				462CE71622F22FD100B5411B /* ListResponse.swift */,
				462CE71C22F2355500B5411B /* ItemResponse.swift */,
			);
			path = Response;
			sourceTree = "<group>";
		};
		462CE72022F23F6B00B5411B /* ComponentsBuilders */ = {
			isa = PBXGroup;
			children = (
				2BE2A5EA22F5D1C000EF0ADF /* ImageTextViewBuilder.swift */,
				46B9A47522F385F300D7F423 /* UIActivityIndicatorBuilder.swift */,
				462CE72522F2414600B5411B /* UIImageViewBuilder.swift */,
				462CE72322F23F9700B5411B /* UILabelBuilder.swift */,
			);
			path = ComponentsBuilders;
			sourceTree = "<group>";
		};
		462CE72722F2429C00B5411B /* AutoLayoutWrapper */ = {
			isa = PBXGroup;
			children = (
				462CE72822F242BE00B5411B /* AutoLayoutWrapper.swift */,
			);
			path = AutoLayoutWrapper;
			sourceTree = "<group>";
		};
		46681AA522F0F5520080A483 = {
			isa = PBXGroup;
			children = (
				46681AB022F0F5520080A483 /* MyHeroes */,
				2B793A5A22F78A8E0005E194 /* TodayHeroes */,
				2B64D8DF22F92A0600A08248 /* MyHeroesTests */,
				46681AAF22F0F5520080A483 /* Products */,
				6D5BEDA9134BF0A32F397B98 /* Pods */,
				E08B6233A7BD82D27D0A5EBB /* Frameworks */,
			);
			sourceTree = "<group>";
		};
		46681AAF22F0F5520080A483 /* Products */ = {
			isa = PBXGroup;
			children = (
				46681AAE22F0F5520080A483 /* MyHeroes.app */,
				2B793A5722F78A8E0005E194 /* TodayHeroes.appex */,
				2B64D8DE22F92A0500A08248 /* MyHeroesTests.xctest */,
			);
			name = Products;
			sourceTree = "<group>";
		};
		46681AB022F0F5520080A483 /* MyHeroes */ = {
			isa = PBXGroup;
			children = (
				46681AC322F0F5680080A483 /* Application */,
				2B2FEDC422F139CE00810BD5 /* Modules */,
				46681AE522F118E80080A483 /* Data */,
				2B2FEDDA22F1547200810BD5 /* Protocols */,
				2B2FEDC022F1368E00810BD5 /* Extensions */,
				46681AC422F0F59B0080A483 /* Resources */,
			);
			path = MyHeroes;
			sourceTree = "<group>";
		};
		46681AC322F0F5680080A483 /* Application */ = {
			isa = PBXGroup;
			children = (
				46681AB122F0F5520080A483 /* AppDelegate.swift */,
				2B2FEDBA22F1350600810BD5 /* Constants.swift */,
				46681ABD22F0F5560080A483 /* Info.plist */,
			);
			path = Application;
			sourceTree = "<group>";
		};
		46681AC422F0F59B0080A483 /* Resources */ = {
			isa = PBXGroup;
			children = (
				46681AC522F0F5A50080A483 /* Images */,
				46681AC622F0F5AD0080A483 /* Storyboards */,
			);
			path = Resources;
			sourceTree = "<group>";
		};
		46681AC522F0F5A50080A483 /* Images */ = {
			isa = PBXGroup;
			children = (
				46681AB822F0F5560080A483 /* Assets.xcassets */,
			);
			path = Images;
			sourceTree = "<group>";
		};
		46681AC622F0F5AD0080A483 /* Storyboards */ = {
			isa = PBXGroup;
			children = (
				46681ABA22F0F5560080A483 /* LaunchScreen.storyboard */,
			);
			path = Storyboards;
			sourceTree = "<group>";
		};
		46681AD822F113F30080A483 /* Entities */ = {
			isa = PBXGroup;
			children = (
				46681AD922F114000080A483 /* Character.swift */,
				46681ADB22F114880080A483 /* Comic.swift */,
				46681ADF22F114920080A483 /* Event.swift */,
				46681AE322F115960080A483 /* Series.swift */,
				46681ADD22F1148D0080A483 /* Story.swift */,
				462CE70F22F2157A00B5411B /* Image.swift */,
				2B293ADE22F7A814001A423E /* HeroesContainer.swift */,
				2B293AE022F7A81F001A423E /* DataContainer.swift */,
			);
			path = Entities;
			sourceTree = "<group>";
		};
		46681AE522F118E80080A483 /* Data */ = {
			isa = PBXGroup;
			children = (
				2B293ADB22F7A79E001A423E /* Mappers */,
				46681AD822F113F30080A483 /* Entities */,
				2B2FEDED22F292E000810BD5 /* Managers */,
				2B2FEDD022F14C1300810BD5 /* Repositories */,
				462CE71122F22AFE00B5411B /* Response */,
			);
			path = Data;
			sourceTree = "<group>";
		};
		46B9A47422F385DF00D7F423 /* Shared */ = {
			isa = PBXGroup;
			children = (
				2BF0C4F422F5C45C00A9A88C /* Views */,
				2BE2A5E722F5CE1800EF0ADF /* ViewModels */,
				2B19287D22F7D2A10023406E /* Deeplink.swift */,
			);
			path = Shared;
			sourceTree = "<group>";
		};
		6D5BEDA9134BF0A32F397B98 /* Pods */ = {
			isa = PBXGroup;
			children = (
				786007F994C1EC523508CEDD /* Pods-MyHeroes.debug.xcconfig */,
				ADE2B7FF994D1E0B6A991B7A /* Pods-MyHeroes.release.xcconfig */,
				B81187D31CD673321451395A /* Pods-TodayHeroes.debug.xcconfig */,
				4FA744153F34989EA95866D5 /* Pods-TodayHeroes.release.xcconfig */,
				4CA89286905B4D33D3ED6E29 /* Pods-MyHeroesTests.debug.xcconfig */,
				10DBC3535C66081ABE400B5B /* Pods-MyHeroesTests.release.xcconfig */,
			);
			path = Pods;
			sourceTree = "<group>";
		};
		E08B6233A7BD82D27D0A5EBB /* Frameworks */ = {
			isa = PBXGroup;
			children = (
				7307216B479E3E3FB25D02FB /* Pods_MyHeroes.framework */,
				2B793A5822F78A8E0005E194 /* NotificationCenter.framework */,
				52C54357C62FAB89AB3F56D3 /* Pods_TodayHeroes.framework */,
				0FD02CDA099E70C38E16A4E4 /* Pods_MyHeroesTests.framework */,
			);
			name = Frameworks;
			sourceTree = "<group>";
		};
/* End PBXGroup section */

/* Begin PBXNativeTarget section */
		2B64D8DD22F92A0500A08248 /* MyHeroesTests */ = {
			isa = PBXNativeTarget;
			buildConfigurationList = 2B64D8E522F92A0600A08248 /* Build configuration list for PBXNativeTarget "MyHeroesTests" */;
			buildPhases = (
				93C2DF78E824D222B93A529F /* [CP] Check Pods Manifest.lock */,
				2B64D8DA22F92A0500A08248 /* Sources */,
				2B64D8DB22F92A0500A08248 /* Frameworks */,
				2B64D8DC22F92A0500A08248 /* Resources */,
				E707B85D785C92C87A91EA51 /* [CP] Embed Pods Frameworks */,
			);
			buildRules = (
			);
			dependencies = (
				2B64D8E422F92A0600A08248 /* PBXTargetDependency */,
			);
			name = MyHeroesTests;
			productName = MyHeroesTests;
			productReference = 2B64D8DE22F92A0500A08248 /* MyHeroesTests.xctest */;
			productType = "com.apple.product-type.bundle.unit-test";
		};
		2B793A5622F78A8E0005E194 /* TodayHeroes */ = {
			isa = PBXNativeTarget;
			buildConfigurationList = 2B793A6622F78A8E0005E194 /* Build configuration list for PBXNativeTarget "TodayHeroes" */;
			buildPhases = (
				845D6FE84BBFC6D00A8E7736 /* [CP] Check Pods Manifest.lock */,
				2B793A5322F78A8E0005E194 /* Sources */,
				2B793A5422F78A8E0005E194 /* Frameworks */,
				2B793A5522F78A8E0005E194 /* Resources */,
			);
			buildRules = (
			);
			dependencies = (
			);
			name = TodayHeroes;
			productName = TodayHeroes;
			productReference = 2B793A5722F78A8E0005E194 /* TodayHeroes.appex */;
			productType = "com.apple.product-type.app-extension";
		};
		46681AAD22F0F5520080A483 /* MyHeroes */ = {
			isa = PBXNativeTarget;
			buildConfigurationList = 46681AC022F0F5560080A483 /* Build configuration list for PBXNativeTarget "MyHeroes" */;
			buildPhases = (
				512913E1824FF895E923E64A /* [CP] Check Pods Manifest.lock */,
				46681AAA22F0F5520080A483 /* Sources */,
				46681AAB22F0F5520080A483 /* Frameworks */,
				46681AAC22F0F5520080A483 /* Resources */,
				46681AC722F0F6EF0080A483 /* SwiftLint */,
				6507A742E8BC73D3180335AB /* [CP] Embed Pods Frameworks */,
				2B793A6722F78A8E0005E194 /* Embed App Extensions */,
			);
			buildRules = (
			);
			dependencies = (
				2B793A6222F78A8E0005E194 /* PBXTargetDependency */,
			);
			name = MyHeroes;
			productName = MyHeroes;
			productReference = 46681AAE22F0F5520080A483 /* MyHeroes.app */;
			productType = "com.apple.product-type.application";
		};
/* End PBXNativeTarget section */

/* Begin PBXProject section */
		46681AA622F0F5520080A483 /* Project object */ = {
			isa = PBXProject;
			attributes = {
				LastSwiftUpdateCheck = 1030;
				LastUpgradeCheck = 1020;
				ORGANIZATIONNAME = "Gilson Gil";
				TargetAttributes = {
					2B64D8DD22F92A0500A08248 = {
						CreatedOnToolsVersion = 10.3;
						TestTargetID = 46681AAD22F0F5520080A483;
					};
					2B793A5622F78A8E0005E194 = {
						CreatedOnToolsVersion = 10.3;
					};
					46681AAD22F0F5520080A483 = {
						CreatedOnToolsVersion = 10.2.1;
					};
				};
			};
			buildConfigurationList = 46681AA922F0F5520080A483 /* Build configuration list for PBXProject "MyHeroes" */;
			compatibilityVersion = "Xcode 9.3";
			developmentRegion = en;
			hasScannedForEncodings = 0;
			knownRegions = (
				en,
				Base,
			);
			mainGroup = 46681AA522F0F5520080A483;
			productRefGroup = 46681AAF22F0F5520080A483 /* Products */;
			projectDirPath = "";
			projectRoot = "";
			targets = (
				46681AAD22F0F5520080A483 /* MyHeroes */,
				2B793A5622F78A8E0005E194 /* TodayHeroes */,
				2B64D8DD22F92A0500A08248 /* MyHeroesTests */,
			);
		};
/* End PBXProject section */

/* Begin PBXResourcesBuildPhase section */
		2B64D8DC22F92A0500A08248 /* Resources */ = {
			isa = PBXResourcesBuildPhase;
			buildActionMask = 2147483647;
			files = (
				2B64D8F522F9325500A08248 /* ValidComicMock.json in Resources */,
				2B64D8F022F9310700A08248 /* ValidCharactersListMock.json in Resources */,
				2B64D8F722F9368900A08248 /* ValidLastPageCharactersListMock.json in Resources */,
				2B64D8F922F9385300A08248 /* ErrorCharactersListMock.json in Resources */,
			);
			runOnlyForDeploymentPostprocessing = 0;
		};
		2B793A5522F78A8E0005E194 /* Resources */ = {
			isa = PBXResourcesBuildPhase;
			buildActionMask = 2147483647;
			files = (
			);
			runOnlyForDeploymentPostprocessing = 0;
		};
		46681AAC22F0F5520080A483 /* Resources */ = {
			isa = PBXResourcesBuildPhase;
			buildActionMask = 2147483647;
			files = (
				46681ABC22F0F5560080A483 /* LaunchScreen.storyboard in Resources */,
				46681AB922F0F5560080A483 /* Assets.xcassets in Resources */,
			);
			runOnlyForDeploymentPostprocessing = 0;
		};
/* End PBXResourcesBuildPhase section */

/* Begin PBXShellScriptBuildPhase section */
		46681AC722F0F6EF0080A483 /* SwiftLint */ = {
			isa = PBXShellScriptBuildPhase;
			buildActionMask = 2147483647;
			files = (
			);
			inputFileListPaths = (
			);
			inputPaths = (
			);
			name = SwiftLint;
			outputFileListPaths = (
			);
			outputPaths = (
			);
			runOnlyForDeploymentPostprocessing = 0;
			shellPath = /bin/sh;
			shellScript = "\"${PODS_ROOT}/SwiftLint/swiftlint\"\n";
		};
		512913E1824FF895E923E64A /* [CP] Check Pods Manifest.lock */ = {
			isa = PBXShellScriptBuildPhase;
			buildActionMask = 2147483647;
			files = (
			);
			inputFileListPaths = (
			);
			inputPaths = (
				"${PODS_PODFILE_DIR_PATH}/Podfile.lock",
				"${PODS_ROOT}/Manifest.lock",
			);
			name = "[CP] Check Pods Manifest.lock";
			outputFileListPaths = (
			);
			outputPaths = (
				"$(DERIVED_FILE_DIR)/Pods-MyHeroes-checkManifestLockResult.txt",
			);
			runOnlyForDeploymentPostprocessing = 0;
			shellPath = /bin/sh;
			shellScript = "diff \"${PODS_PODFILE_DIR_PATH}/Podfile.lock\" \"${PODS_ROOT}/Manifest.lock\" > /dev/null\nif [ $? != 0 ] ; then\n    # print error to STDERR\n    echo \"error: The sandbox is not in sync with the Podfile.lock. Run 'pod install' or update your CocoaPods installation.\" >&2\n    exit 1\nfi\n# This output is used by Xcode 'outputs' to avoid re-running this script phase.\necho \"SUCCESS\" > \"${SCRIPT_OUTPUT_FILE_0}\"\n";
			showEnvVarsInLog = 0;
		};
		6507A742E8BC73D3180335AB /* [CP] Embed Pods Frameworks */ = {
			isa = PBXShellScriptBuildPhase;
			buildActionMask = 2147483647;
			files = (
			);
			inputFileListPaths = (
				"${PODS_ROOT}/Target Support Files/Pods-MyHeroes/Pods-MyHeroes-frameworks-${CONFIGURATION}-input-files.xcfilelist",
			);
			name = "[CP] Embed Pods Frameworks";
			outputFileListPaths = (
				"${PODS_ROOT}/Target Support Files/Pods-MyHeroes/Pods-MyHeroes-frameworks-${CONFIGURATION}-output-files.xcfilelist",
			);
			runOnlyForDeploymentPostprocessing = 0;
			shellPath = /bin/sh;
			shellScript = "\"${PODS_ROOT}/Target Support Files/Pods-MyHeroes/Pods-MyHeroes-frameworks.sh\"\n";
			showEnvVarsInLog = 0;
		};
		845D6FE84BBFC6D00A8E7736 /* [CP] Check Pods Manifest.lock */ = {
			isa = PBXShellScriptBuildPhase;
			buildActionMask = 2147483647;
			files = (
			);
			inputFileListPaths = (
			);
			inputPaths = (
				"${PODS_PODFILE_DIR_PATH}/Podfile.lock",
				"${PODS_ROOT}/Manifest.lock",
			);
			name = "[CP] Check Pods Manifest.lock";
			outputFileListPaths = (
			);
			outputPaths = (
				"$(DERIVED_FILE_DIR)/Pods-TodayHeroes-checkManifestLockResult.txt",
			);
			runOnlyForDeploymentPostprocessing = 0;
			shellPath = /bin/sh;
			shellScript = "diff \"${PODS_PODFILE_DIR_PATH}/Podfile.lock\" \"${PODS_ROOT}/Manifest.lock\" > /dev/null\nif [ $? != 0 ] ; then\n    # print error to STDERR\n    echo \"error: The sandbox is not in sync with the Podfile.lock. Run 'pod install' or update your CocoaPods installation.\" >&2\n    exit 1\nfi\n# This output is used by Xcode 'outputs' to avoid re-running this script phase.\necho \"SUCCESS\" > \"${SCRIPT_OUTPUT_FILE_0}\"\n";
			showEnvVarsInLog = 0;
		};
		93C2DF78E824D222B93A529F /* [CP] Check Pods Manifest.lock */ = {
			isa = PBXShellScriptBuildPhase;
			buildActionMask = 2147483647;
			files = (
			);
			inputFileListPaths = (
			);
			inputPaths = (
				"${PODS_PODFILE_DIR_PATH}/Podfile.lock",
				"${PODS_ROOT}/Manifest.lock",
			);
			name = "[CP] Check Pods Manifest.lock";
			outputFileListPaths = (
			);
			outputPaths = (
				"$(DERIVED_FILE_DIR)/Pods-MyHeroesTests-checkManifestLockResult.txt",
			);
			runOnlyForDeploymentPostprocessing = 0;
			shellPath = /bin/sh;
			shellScript = "diff \"${PODS_PODFILE_DIR_PATH}/Podfile.lock\" \"${PODS_ROOT}/Manifest.lock\" > /dev/null\nif [ $? != 0 ] ; then\n    # print error to STDERR\n    echo \"error: The sandbox is not in sync with the Podfile.lock. Run 'pod install' or update your CocoaPods installation.\" >&2\n    exit 1\nfi\n# This output is used by Xcode 'outputs' to avoid re-running this script phase.\necho \"SUCCESS\" > \"${SCRIPT_OUTPUT_FILE_0}\"\n";
			showEnvVarsInLog = 0;
		};
		E707B85D785C92C87A91EA51 /* [CP] Embed Pods Frameworks */ = {
			isa = PBXShellScriptBuildPhase;
			buildActionMask = 2147483647;
			files = (
			);
			inputFileListPaths = (
				"${PODS_ROOT}/Target Support Files/Pods-MyHeroesTests/Pods-MyHeroesTests-frameworks-${CONFIGURATION}-input-files.xcfilelist",
			);
			name = "[CP] Embed Pods Frameworks";
			outputFileListPaths = (
				"${PODS_ROOT}/Target Support Files/Pods-MyHeroesTests/Pods-MyHeroesTests-frameworks-${CONFIGURATION}-output-files.xcfilelist",
			);
			runOnlyForDeploymentPostprocessing = 0;
			shellPath = /bin/sh;
			shellScript = "\"${PODS_ROOT}/Target Support Files/Pods-MyHeroesTests/Pods-MyHeroesTests-frameworks.sh\"\n";
			showEnvVarsInLog = 0;
		};
/* End PBXShellScriptBuildPhase section */

/* Begin PBXSourcesBuildPhase section */
		2B64D8DA22F92A0500A08248 /* Sources */ = {
			isa = PBXSourcesBuildPhase;
			buildActionMask = 2147483647;
			files = (
				2B64D8F322F9314400A08248 /* HeroesMockRepository.swift in Sources */,
				2B64D90222F9433300A08248 /* UIImageViewBuilderTests.swift in Sources */,
				2B64D8FE22F941B900A08248 /* ImageTextViewBuilderTests.swift in Sources */,
				2B64D8ED22F9306800A08248 /* ListInteractorTests.swift in Sources */,
				2B64D90422F943D900A08248 /* UILabelBuilderTests.swift in Sources */,
				2B64D8FB22F93B3800A08248 /* ListViewControllerTests.swift in Sources */,
				2B64D90022F942CA00A08248 /* UIActivityIndicatorBuilderTests.swift in Sources */,
				2B64D8EB22F92D0C00A08248 /* ListViewModelTests.swift in Sources */,
			);
			runOnlyForDeploymentPostprocessing = 0;
		};
		2B793A5322F78A8E0005E194 /* Sources */ = {
			isa = PBXSourcesBuildPhase;
			buildActionMask = 2147483647;
			files = (
				2B293B0222F7BC0D001A423E /* LoadingStateView.swift in Sources */,
				2B293AF522F7B9DA001A423E /* TodayPresenter.swift in Sources */,
				2B293B0122F7BB03001A423E /* ViewCodable.swift in Sources */,
				2B293AFC22F7BAC3001A423E /* AutoLayoutWrapper.swift in Sources */,
				2B293B0022F7BADB001A423E /* Builder.swift in Sources */,
				2B293AEB22F7B5D3001A423E /* ListResponse.swift in Sources */,
				2B64D8D722F9260800A08248 /* ImageTextView.swift in Sources */,
				2B293AF722F7BA42001A423E /* TodayItemViewModel.swift in Sources */,
				2B293B0522F7BC93001A423E /* ImageRepository.swift in Sources */,
				2B293AFD22F7BACB001A423E /* UIActivityIndicatorBuilder.swift in Sources */,
				2B793A5C22F78A8E0005E194 /* TodayViewController.swift in Sources */,
				2B293B0622F7BCB3001A423E /* CacheManager.swift in Sources */,
				2B293AF222F7B6CE001A423E /* TodayViewModel.swift in Sources */,
				2B293B0E22F7BDF2001A423E /* Mapper.swift in Sources */,
				2B293AFE22F7BACE001A423E /* UIImageViewBuilder.swift in Sources */,
				2B293AEA22F7B5CD001A423E /* DataContainer.swift in Sources */,
				2B293B0D22F7BDEE001A423E /* HeroesResponseMapper.swift in Sources */,
				2B293AF922F7BA73001A423E /* ReusableView.swift in Sources */,
				2B293AEC22F7B5D5001A423E /* ItemResponse.swift in Sources */,
				2B293B0F22F7BDF7001A423E /* DataResponseMapper.swift in Sources */,
				2B293AEE22F7B610001A423E /* TodayInteractor.swift in Sources */,
				2B293AFF22F7BAD0001A423E /* UILabelBuilder.swift in Sources */,
				2B293AE922F7B5CB001A423E /* HeroesContainer.swift in Sources */,
				2B293AE822F7B5C0001A423E /* Image.swift in Sources */,
				2B293AE622F7B5B1001A423E /* Character.swift in Sources */,
				2B64D8D922F9262F00A08248 /* ImageTextViewBuilder.swift in Sources */,
				2B293B0322F7BC52001A423E /* DownloadManager.swift in Sources */,
				2B8320E022F7DED800284D48 /* Constants.swift in Sources */,
				2B64D8D822F9262600A08248 /* ImageTextViewModel.swift in Sources */,
				2B293AF822F7BA6D001A423E /* ConfigurableView.swift in Sources */,
				2B293B0422F7BC8D001A423E /* ImageRemoteRepository.swift in Sources */,
				2B293B0A22F7BD70001A423E /* TodayRouter.swift in Sources */,
				2B293B0722F7BCDC001A423E /* UICollectionView+ViewConfigurator.swift in Sources */,
				2B293AF022F7B622001A423E /* TodayContract.swift in Sources */,
				2B293AFB22F7BA9A001A423E /* TodayItemCell.swift in Sources */,
				2B64D8D622F925D400A08248 /* TodayItemCompactCell.swift in Sources */,
				2B293AF322F7B99F001A423E /* HeroesRepository.swift in Sources */,
				2B293B0C22F7BDD7001A423E /* TodayRemoteRepository.swift in Sources */,
				2B293B1022F7C072001A423E /* UITableViewCell+ReusableView.swift in Sources */,
			);
			runOnlyForDeploymentPostprocessing = 0;
		};
		46681AAA22F0F5520080A483 /* Sources */ = {
			isa = PBXSourcesBuildPhase;
			buildActionMask = 2147483647;
			files = (
				46681ADA22F114000080A483 /* Character.swift in Sources */,
				2B2FEDD922F152A100810BD5 /* RootContract.swift in Sources */,
				2B2FEDDE22F15C5600810BD5 /* ListViewModel.swift in Sources */,
				2B293ADD22F7A80B001A423E /* HeroesResponseMapper.swift in Sources */,
				2BE2A5F522F61E7A00EF0ADF /* DetailHeader.swift in Sources */,
				2B2FEDD722F1529000810BD5 /* RootRouter.swift in Sources */,
				46B9A47622F385F300D7F423 /* UIActivityIndicatorBuilder.swift in Sources */,
				462CE71722F22FD100B5411B /* ListResponse.swift in Sources */,
				2B2FEDD422F14CA800810BD5 /* HeroesRemoteRepository.swift in Sources */,
				2B2FEDCF22F14AF200810BD5 /* ListContract.swift in Sources */,
				46B9A48022F47A9700D7F423 /* LoadingCollectionViewCell.swift in Sources */,
				2B293AE522F7AB68001A423E /* DataResponseMapper.swift in Sources */,
				2B293AE122F7A81F001A423E /* DataContainer.swift in Sources */,
				462CE72D22F25C9300B5411B /* ImageRemoteRepository.swift in Sources */,
				46681AE022F114920080A483 /* Event.swift in Sources */,
				2B2FEDBB22F1350600810BD5 /* Constants.swift in Sources */,
				462CE72422F23F9700B5411B /* UILabelBuilder.swift in Sources */,
				2B2FEDC922F13A3A00810BD5 /* ListInteractor.swift in Sources */,
				2BE2A5E622F5CBBA00EF0ADF /* ImageTextView.swift in Sources */,
				2BE2A5EB22F5D1C000EF0ADF /* ImageTextViewBuilder.swift in Sources */,
				2B2FEDDC22F1548400810BD5 /* ViewCodable.swift in Sources */,
				46681AB222F0F5520080A483 /* AppDelegate.swift in Sources */,
				2B293ADF22F7A814001A423E /* HeroesContainer.swift in Sources */,
				462CE71022F2157A00B5411B /* Image.swift in Sources */,
				46681AE422F115960080A483 /* Series.swift in Sources */,
				2B2FEDF122F3DB4100810BD5 /* UIColor+Extension.swift in Sources */,
				2B2FEDEA22F168E500810BD5 /* ListItemCell.swift in Sources */,
				2B8320E222F7E16A00284D48 /* UIViewController+Alert.swift in Sources */,
				2B2FEDE822F1687100810BD5 /* ListItemViewModel.swift in Sources */,
				46B9A47C22F397DB00D7F423 /* UITableViewHeaderFooterView+ReusableView.swift in Sources */,
				2B2FEDE022F15CB300810BD5 /* ConfigurableView.swift in Sources */,
				2B2FEDCB22F13A4300810BD5 /* ListPresenter.swift in Sources */,
				2BE2A60522F7557000EF0ADF /* TitleDescriptionThumbnailProtocol.swift in Sources */,
				2B2FEDE422F15D5600810BD5 /* UITableViewCell+ReusableView.swift in Sources */,
				2B2FEDE622F15FB500810BD5 /* UITableView+ViewConfigurator.swift in Sources */,
				2B2FEDEF22F292F800810BD5 /* CacheManager.swift in Sources */,
				2BF0C4EF22F5372700A9A88C /* DetailViewModel.swift in Sources */,
				462CE72922F242BE00B5411B /* AutoLayoutWrapper.swift in Sources */,
				46B9A47E22F3AFB000D7F423 /* UICollectionView+ViewConfigurator.swift in Sources */,
				2BE2A5E922F5CE2700EF0ADF /* ImageTextViewModel.swift in Sources */,
				2BE2A5F722F6253900EF0ADF /* DetailItemCell.swift in Sources */,
				2B2FEDE222F15CD200810BD5 /* ReusableView.swift in Sources */,
				462CE71D22F2355500B5411B /* ItemResponse.swift in Sources */,
				2B2FEDC222F1369800810BD5 /* String+md5.swift in Sources */,
				2B19287E22F7D2A10023406E /* Deeplink.swift in Sources */,
				462CE73122F2601F00B5411B /* DownloadManager.swift in Sources */,
				2BE2A5ED22F5D21E00EF0ADF /* Builder.swift in Sources */,
				2BF0C4F122F5375600A9A88C /* DetailRouter.swift in Sources */,
				2BF0C4F322F53E9600A9A88C /* DetailViewController.swift in Sources */,
				2B2FEDCD22F14AD000810BD5 /* ListRouter.swift in Sources */,
				2B293AE322F7A8E2001A423E /* Mapper.swift in Sources */,
				2BF0C4EB22F535F600A9A88C /* DetailInteractor.swift in Sources */,
				462CE72622F2414600B5411B /* UIImageViewBuilder.swift in Sources */,
				2BF0C4ED22F5367A00A9A88C /* DetailPresenter.swift in Sources */,
				2BE2A5F922F6455200EF0ADF /* DetailItemViewModel.swift in Sources */,
				2BE2A5FD22F72C9F00EF0ADF /* DataState.swift in Sources */,
				46681ADC22F114880080A483 /* Comic.swift in Sources */,
				2B2FEDF322F5196400810BD5 /* LoadingStateView.swift in Sources */,
				2BF0C4E922F534EF00A9A88C /* DetailContract.swift in Sources */,
				2B2FEDC722F13A1D00810BD5 /* ListViewController.swift in Sources */,
				462CE72B22F25C5000B5411B /* ImageRepository.swift in Sources */,
				2B2FEDD222F14C2400810BD5 /* HeroesRepository.swift in Sources */,
				46681ADE22F1148D0080A483 /* Story.swift in Sources */,
			);
			runOnlyForDeploymentPostprocessing = 0;
		};
/* End PBXSourcesBuildPhase section */

/* Begin PBXTargetDependency section */
		2B64D8E422F92A0600A08248 /* PBXTargetDependency */ = {
			isa = PBXTargetDependency;
			target = 46681AAD22F0F5520080A483 /* MyHeroes */;
			targetProxy = 2B64D8E322F92A0600A08248 /* PBXContainerItemProxy */;
		};
		2B793A6222F78A8E0005E194 /* PBXTargetDependency */ = {
			isa = PBXTargetDependency;
			target = 2B793A5622F78A8E0005E194 /* TodayHeroes */;
			targetProxy = 2B793A6122F78A8E0005E194 /* PBXContainerItemProxy */;
		};
/* End PBXTargetDependency section */

/* Begin PBXVariantGroup section */
		46681ABA22F0F5560080A483 /* LaunchScreen.storyboard */ = {
			isa = PBXVariantGroup;
			children = (
				46681ABB22F0F5560080A483 /* Base */,
			);
			name = LaunchScreen.storyboard;
			sourceTree = "<group>";
		};
/* End PBXVariantGroup section */

/* Begin XCBuildConfiguration section */
		2B64D8E622F92A0600A08248 /* Debug */ = {
			isa = XCBuildConfiguration;
			baseConfigurationReference = 4CA89286905B4D33D3ED6E29 /* Pods-MyHeroesTests.debug.xcconfig */;
			buildSettings = {
				BUNDLE_LOADER = "$(TEST_HOST)";
				CODE_SIGN_STYLE = Automatic;
				DEVELOPMENT_TEAM = A6WSB9NHED;
				INFOPLIST_FILE = MyHeroesTests/Info.plist;
				IPHONEOS_DEPLOYMENT_TARGET = 12.4;
				LD_RUNPATH_SEARCH_PATHS = (
					"$(inherited)",
					"@executable_path/Frameworks",
					"@loader_path/Frameworks",
				);
				PRODUCT_BUNDLE_IDENTIFIER = com.gilsongil.MyHeroesTests;
				PRODUCT_NAME = "$(TARGET_NAME)";
				SWIFT_VERSION = 4.2;
				TARGETED_DEVICE_FAMILY = "1,2";
				TEST_HOST = "$(BUILT_PRODUCTS_DIR)/MyHeroes.app/MyHeroes";
			};
			name = Debug;
		};
		2B64D8E722F92A0600A08248 /* Release */ = {
			isa = XCBuildConfiguration;
			baseConfigurationReference = 10DBC3535C66081ABE400B5B /* Pods-MyHeroesTests.release.xcconfig */;
			buildSettings = {
				BUNDLE_LOADER = "$(TEST_HOST)";
				CODE_SIGN_STYLE = Automatic;
				DEVELOPMENT_TEAM = A6WSB9NHED;
				INFOPLIST_FILE = MyHeroesTests/Info.plist;
				IPHONEOS_DEPLOYMENT_TARGET = 12.4;
				LD_RUNPATH_SEARCH_PATHS = (
					"$(inherited)",
					"@executable_path/Frameworks",
					"@loader_path/Frameworks",
				);
				PRODUCT_BUNDLE_IDENTIFIER = com.gilsongil.MyHeroesTests;
				PRODUCT_NAME = "$(TARGET_NAME)";
				SWIFT_VERSION = 4.2;
				TARGETED_DEVICE_FAMILY = "1,2";
				TEST_HOST = "$(BUILT_PRODUCTS_DIR)/MyHeroes.app/MyHeroes";
			};
			name = Release;
		};
		2B793A6422F78A8E0005E194 /* Debug */ = {
			isa = XCBuildConfiguration;
			baseConfigurationReference = B81187D31CD673321451395A /* Pods-TodayHeroes.debug.xcconfig */;
			buildSettings = {
				CODE_SIGN_STYLE = Automatic;
				DEVELOPMENT_TEAM = A6WSB9NHED;
				INFOPLIST_FILE = TodayHeroes/Info.plist;
				IPHONEOS_DEPLOYMENT_TARGET = 11.0;
				LD_RUNPATH_SEARCH_PATHS = (
					"$(inherited)",
					"@executable_path/Frameworks",
					"@executable_path/../../Frameworks",
				);
				PRODUCT_BUNDLE_IDENTIFIER = com.gilsongil.MyHeroes.TodayHeroes;
				PRODUCT_NAME = "$(TARGET_NAME)";
				SKIP_INSTALL = YES;
				SWIFT_VERSION = 5.0;
				TARGETED_DEVICE_FAMILY = "1,2";
			};
			name = Debug;
		};
		2B793A6522F78A8E0005E194 /* Release */ = {
			isa = XCBuildConfiguration;
			baseConfigurationReference = 4FA744153F34989EA95866D5 /* Pods-TodayHeroes.release.xcconfig */;
			buildSettings = {
				CODE_SIGN_STYLE = Automatic;
				DEVELOPMENT_TEAM = A6WSB9NHED;
				INFOPLIST_FILE = TodayHeroes/Info.plist;
				IPHONEOS_DEPLOYMENT_TARGET = 11.0;
				LD_RUNPATH_SEARCH_PATHS = (
					"$(inherited)",
					"@executable_path/Frameworks",
					"@executable_path/../../Frameworks",
				);
				PRODUCT_BUNDLE_IDENTIFIER = com.gilsongil.MyHeroes.TodayHeroes;
				PRODUCT_NAME = "$(TARGET_NAME)";
				SKIP_INSTALL = YES;
				SWIFT_VERSION = 5.0;
				TARGETED_DEVICE_FAMILY = "1,2";
			};
			name = Release;
		};
		46681ABE22F0F5560080A483 /* Debug */ = {
			isa = XCBuildConfiguration;
			buildSettings = {
				ALWAYS_SEARCH_USER_PATHS = NO;
				CLANG_ANALYZER_NONNULL = YES;
				CLANG_ANALYZER_NUMBER_OBJECT_CONVERSION = YES_AGGRESSIVE;
				CLANG_CXX_LANGUAGE_STANDARD = "gnu++14";
				CLANG_CXX_LIBRARY = "libc++";
				CLANG_ENABLE_MODULES = YES;
				CLANG_ENABLE_OBJC_ARC = YES;
				CLANG_ENABLE_OBJC_WEAK = YES;
				CLANG_WARN_BLOCK_CAPTURE_AUTORELEASING = YES;
				CLANG_WARN_BOOL_CONVERSION = YES;
				CLANG_WARN_COMMA = YES;
				CLANG_WARN_CONSTANT_CONVERSION = YES;
				CLANG_WARN_DEPRECATED_OBJC_IMPLEMENTATIONS = YES;
				CLANG_WARN_DIRECT_OBJC_ISA_USAGE = YES_ERROR;
				CLANG_WARN_DOCUMENTATION_COMMENTS = YES;
				CLANG_WARN_EMPTY_BODY = YES;
				CLANG_WARN_ENUM_CONVERSION = YES;
				CLANG_WARN_INFINITE_RECURSION = YES;
				CLANG_WARN_INT_CONVERSION = YES;
				CLANG_WARN_NON_LITERAL_NULL_CONVERSION = YES;
				CLANG_WARN_OBJC_IMPLICIT_RETAIN_SELF = YES;
				CLANG_WARN_OBJC_LITERAL_CONVERSION = YES;
				CLANG_WARN_OBJC_ROOT_CLASS = YES_ERROR;
				CLANG_WARN_RANGE_LOOP_ANALYSIS = YES;
				CLANG_WARN_STRICT_PROTOTYPES = YES;
				CLANG_WARN_SUSPICIOUS_MOVE = YES;
				CLANG_WARN_UNGUARDED_AVAILABILITY = YES_AGGRESSIVE;
				CLANG_WARN_UNREACHABLE_CODE = YES;
				CLANG_WARN__DUPLICATE_METHOD_MATCH = YES;
				CODE_SIGN_IDENTITY = "iPhone Developer";
				COPY_PHASE_STRIP = NO;
				DEBUG_INFORMATION_FORMAT = dwarf;
				ENABLE_STRICT_OBJC_MSGSEND = YES;
				ENABLE_TESTABILITY = YES;
				GCC_C_LANGUAGE_STANDARD = gnu11;
				GCC_DYNAMIC_NO_PIC = NO;
				GCC_NO_COMMON_BLOCKS = YES;
				GCC_OPTIMIZATION_LEVEL = 0;
				GCC_PREPROCESSOR_DEFINITIONS = (
					"DEBUG=1",
					"$(inherited)",
				);
				GCC_WARN_64_TO_32_BIT_CONVERSION = YES;
				GCC_WARN_ABOUT_RETURN_TYPE = YES_ERROR;
				GCC_WARN_UNDECLARED_SELECTOR = YES;
				GCC_WARN_UNINITIALIZED_AUTOS = YES_AGGRESSIVE;
				GCC_WARN_UNUSED_FUNCTION = YES;
				GCC_WARN_UNUSED_VARIABLE = YES;
				IPHONEOS_DEPLOYMENT_TARGET = 11.0;
				MTL_ENABLE_DEBUG_INFO = INCLUDE_SOURCE;
				MTL_FAST_MATH = YES;
				ONLY_ACTIVE_ARCH = YES;
				SDKROOT = iphoneos;
				SWIFT_ACTIVE_COMPILATION_CONDITIONS = DEBUG;
				SWIFT_OPTIMIZATION_LEVEL = "-Onone";
			};
			name = Debug;
		};
		46681ABF22F0F5560080A483 /* Release */ = {
			isa = XCBuildConfiguration;
			buildSettings = {
				ALWAYS_SEARCH_USER_PATHS = NO;
				CLANG_ANALYZER_NONNULL = YES;
				CLANG_ANALYZER_NUMBER_OBJECT_CONVERSION = YES_AGGRESSIVE;
				CLANG_CXX_LANGUAGE_STANDARD = "gnu++14";
				CLANG_CXX_LIBRARY = "libc++";
				CLANG_ENABLE_MODULES = YES;
				CLANG_ENABLE_OBJC_ARC = YES;
				CLANG_ENABLE_OBJC_WEAK = YES;
				CLANG_WARN_BLOCK_CAPTURE_AUTORELEASING = YES;
				CLANG_WARN_BOOL_CONVERSION = YES;
				CLANG_WARN_COMMA = YES;
				CLANG_WARN_CONSTANT_CONVERSION = YES;
				CLANG_WARN_DEPRECATED_OBJC_IMPLEMENTATIONS = YES;
				CLANG_WARN_DIRECT_OBJC_ISA_USAGE = YES_ERROR;
				CLANG_WARN_DOCUMENTATION_COMMENTS = YES;
				CLANG_WARN_EMPTY_BODY = YES;
				CLANG_WARN_ENUM_CONVERSION = YES;
				CLANG_WARN_INFINITE_RECURSION = YES;
				CLANG_WARN_INT_CONVERSION = YES;
				CLANG_WARN_NON_LITERAL_NULL_CONVERSION = YES;
				CLANG_WARN_OBJC_IMPLICIT_RETAIN_SELF = YES;
				CLANG_WARN_OBJC_LITERAL_CONVERSION = YES;
				CLANG_WARN_OBJC_ROOT_CLASS = YES_ERROR;
				CLANG_WARN_RANGE_LOOP_ANALYSIS = YES;
				CLANG_WARN_STRICT_PROTOTYPES = YES;
				CLANG_WARN_SUSPICIOUS_MOVE = YES;
				CLANG_WARN_UNGUARDED_AVAILABILITY = YES_AGGRESSIVE;
				CLANG_WARN_UNREACHABLE_CODE = YES;
				CLANG_WARN__DUPLICATE_METHOD_MATCH = YES;
				CODE_SIGN_IDENTITY = "iPhone Developer";
				COPY_PHASE_STRIP = NO;
				DEBUG_INFORMATION_FORMAT = "dwarf-with-dsym";
				ENABLE_NS_ASSERTIONS = NO;
				ENABLE_STRICT_OBJC_MSGSEND = YES;
				GCC_C_LANGUAGE_STANDARD = gnu11;
				GCC_NO_COMMON_BLOCKS = YES;
				GCC_WARN_64_TO_32_BIT_CONVERSION = YES;
				GCC_WARN_ABOUT_RETURN_TYPE = YES_ERROR;
				GCC_WARN_UNDECLARED_SELECTOR = YES;
				GCC_WARN_UNINITIALIZED_AUTOS = YES_AGGRESSIVE;
				GCC_WARN_UNUSED_FUNCTION = YES;
				GCC_WARN_UNUSED_VARIABLE = YES;
				IPHONEOS_DEPLOYMENT_TARGET = 11.0;
				MTL_ENABLE_DEBUG_INFO = NO;
				MTL_FAST_MATH = YES;
				SDKROOT = iphoneos;
				SWIFT_COMPILATION_MODE = wholemodule;
				SWIFT_OPTIMIZATION_LEVEL = "-O";
				VALIDATE_PRODUCT = YES;
			};
			name = Release;
		};
		46681AC122F0F5560080A483 /* Debug */ = {
			isa = XCBuildConfiguration;
			baseConfigurationReference = 786007F994C1EC523508CEDD /* Pods-MyHeroes.debug.xcconfig */;
			buildSettings = {
				ASSETCATALOG_COMPILER_APPICON_NAME = AppIcon;
				CODE_SIGN_STYLE = Automatic;
				DEVELOPMENT_TEAM = A6WSB9NHED;
				INFOPLIST_FILE = "$(SRCROOT)/MyHeroes/Application/Info.plist";
				IPHONEOS_DEPLOYMENT_TARGET = 11.0;
				LD_RUNPATH_SEARCH_PATHS = (
					"$(inherited)",
					"@executable_path/Frameworks",
				);
				PRODUCT_BUNDLE_IDENTIFIER = com.gilsongil.MyHeroes;
				PRODUCT_NAME = "$(TARGET_NAME)";
				SWIFT_VERSION = 5.0;
				TARGETED_DEVICE_FAMILY = "1,2";
			};
			name = Debug;
		};
		46681AC222F0F5560080A483 /* Release */ = {
			isa = XCBuildConfiguration;
			baseConfigurationReference = ADE2B7FF994D1E0B6A991B7A /* Pods-MyHeroes.release.xcconfig */;
			buildSettings = {
				ASSETCATALOG_COMPILER_APPICON_NAME = AppIcon;
				CODE_SIGN_STYLE = Automatic;
				DEVELOPMENT_TEAM = A6WSB9NHED;
				INFOPLIST_FILE = "$(SRCROOT)/MyHeroes/Application/Info.plist";
				IPHONEOS_DEPLOYMENT_TARGET = 11.0;
				LD_RUNPATH_SEARCH_PATHS = (
					"$(inherited)",
					"@executable_path/Frameworks",
				);
				PRODUCT_BUNDLE_IDENTIFIER = com.gilsongil.MyHeroes;
				PRODUCT_NAME = "$(TARGET_NAME)";
				SWIFT_VERSION = 5.0;
				TARGETED_DEVICE_FAMILY = "1,2";
			};
			name = Release;
		};
/* End XCBuildConfiguration section */

/* Begin XCConfigurationList section */
		2B64D8E522F92A0600A08248 /* Build configuration list for PBXNativeTarget "MyHeroesTests" */ = {
			isa = XCConfigurationList;
			buildConfigurations = (
				2B64D8E622F92A0600A08248 /* Debug */,
				2B64D8E722F92A0600A08248 /* Release */,
			);
			defaultConfigurationIsVisible = 0;
			defaultConfigurationName = Release;
		};
		2B793A6622F78A8E0005E194 /* Build configuration list for PBXNativeTarget "TodayHeroes" */ = {
			isa = XCConfigurationList;
			buildConfigurations = (
				2B793A6422F78A8E0005E194 /* Debug */,
				2B793A6522F78A8E0005E194 /* Release */,
			);
			defaultConfigurationIsVisible = 0;
			defaultConfigurationName = Release;
		};
		46681AA922F0F5520080A483 /* Build configuration list for PBXProject "MyHeroes" */ = {
			isa = XCConfigurationList;
			buildConfigurations = (
				46681ABE22F0F5560080A483 /* Debug */,
				46681ABF22F0F5560080A483 /* Release */,
			);
			defaultConfigurationIsVisible = 0;
			defaultConfigurationName = Release;
		};
		46681AC022F0F5560080A483 /* Build configuration list for PBXNativeTarget "MyHeroes" */ = {
			isa = XCConfigurationList;
			buildConfigurations = (
				46681AC122F0F5560080A483 /* Debug */,
				46681AC222F0F5560080A483 /* Release */,
			);
			defaultConfigurationIsVisible = 0;
			defaultConfigurationName = Release;
		};
/* End XCConfigurationList section */
	};
	rootObject = 46681AA622F0F5520080A483 /* Project object */;
}
